// !$*UTF8*$!
{
	archiveVersion = 1;
	classes = {
	};
	objectVersion = 48;
	objects = {

/* Begin PBXBuildFile section */
		466E2A145386609065AEE56E /* libPods-QQA.a in Frameworks */ = {isa = PBXBuildFile; fileRef = 2ECCA599687977AA5ACEDCC1 /* libPods-QQA.a */; };
		AA1322571FFCD2D600A18188 /* aps_development.cer in Resources */ = {isa = PBXBuildFile; fileRef = AA1322561FFCD2D600A18188 /* aps_development.cer */; };
		AA13948E1FC263F00070B1E2 /* LeaveForExaminationAndApprovalViewController.m in Sources */ = {isa = PBXBuildFile; fileRef = AA13948D1FC263F00070B1E2 /* LeaveForExaminationAndApprovalViewController.m */; };
		AA1394921FC277D20070B1E2 /* RequestForInstructionViewController.m in Sources */ = {isa = PBXBuildFile; fileRef = AA1394911FC277D20070B1E2 /* RequestForInstructionViewController.m */; };
		AA199AF91FC3F01D00BCE01A /* SendTheScopeViewController.m in Sources */ = {isa = PBXBuildFile; fileRef = AA199AF81FC3F01D00BCE01A /* SendTheScopeViewController.m */; };
		AA1CEC841FA9602E00050EFC /* AppDelegate.m in Sources */ = {isa = PBXBuildFile; fileRef = AA1CEC831FA9602E00050EFC /* AppDelegate.m */; };
		AA1CEC891FA9602E00050EFC /* LaunchScreen.storyboard in Resources */ = {isa = PBXBuildFile; fileRef = AA1CEC871FA9602E00050EFC /* LaunchScreen.storyboard */; };
		AA1CEC8C1FA9602E00050EFC /* main.m in Sources */ = {isa = PBXBuildFile; fileRef = AA1CEC8B1FA9602E00050EFC /* main.m */; };
		AA1CEC961FA9602E00050EFC /* QQATests.m in Sources */ = {isa = PBXBuildFile; fileRef = AA1CEC951FA9602E00050EFC /* QQATests.m */; };
		AA1CECA11FA9602E00050EFC /* QQAUITests.m in Sources */ = {isa = PBXBuildFile; fileRef = AA1CECA01FA9602E00050EFC /* QQAUITests.m */; };
		AA20C6971FD147BC0095AF0F /* CompanyBylawsViewController.m in Sources */ = {isa = PBXBuildFile; fileRef = AA20C6961FD147BC0095AF0F /* CompanyBylawsViewController.m */; };
		AA20C69A1FD147DF0095AF0F /* CompanyOrganizationalStructureViewController.m in Sources */ = {isa = PBXBuildFile; fileRef = AA20C6991FD147DF0095AF0F /* CompanyOrganizationalStructureViewController.m */; };
		AA20C69D1FD14E9A0095AF0F /* CompanyOrganizationalStructure.m in Sources */ = {isa = PBXBuildFile; fileRef = AA20C69C1FD14E9A0095AF0F /* CompanyOrganizationalStructure.m */; };
		AA20C6A01FD14EB00095AF0F /* CompanyOrganizationalStructureTableViewCell.m in Sources */ = {isa = PBXBuildFile; fileRef = AA20C69F1FD14EB00095AF0F /* CompanyOrganizationalStructureTableViewCell.m */; };
		AA20C6A31FD14EF60095AF0F /* CompanyOrganizationalStructureListView.m in Sources */ = {isa = PBXBuildFile; fileRef = AA20C6A21FD14EF60095AF0F /* CompanyOrganizationalStructureListView.m */; };
		AA25BCD51FBEA622009B8CA0 /* IInitiatedtheExaminationTableViewController.m in Sources */ = {isa = PBXBuildFile; fileRef = AA25BCD41FBEA622009B8CA0 /* IInitiatedtheExaminationTableViewController.m */; };
		AA25BCD91FBEA642009B8CA0 /* IInitiatedtheExaminationTableViewCell.m in Sources */ = {isa = PBXBuildFile; fileRef = AA25BCD81FBEA642009B8CA0 /* IInitiatedtheExaminationTableViewCell.m */; };
		AA2CED701FAAFF0900433BFA /* ScanImageViewController.m in Sources */ = {isa = PBXBuildFile; fileRef = AA2CED6E1FAAFF0800433BFA /* ScanImageViewController.m */; };
		AA392A531FEC947800C1C581 /* UMSecondViewController.m in Sources */ = {isa = PBXBuildFile; fileRef = AA392A521FEC947800C1C581 /* UMSecondViewController.m */; };
		AA392A561FEC94D100C1C581 /* UMFirstViewController.m in Sources */ = {isa = PBXBuildFile; fileRef = AA392A551FEC94D100C1C581 /* UMFirstViewController.m */; };
		AA3A75361FE50BC000F3EB25 /* RulesDetailViewController.m in Sources */ = {isa = PBXBuildFile; fileRef = AA3A75351FE50BC000F3EB25 /* RulesDetailViewController.m */; };
		AA55449F1FE7BBBB0031F846 /* UserNotifications.framework in Frameworks */ = {isa = PBXBuildFile; fileRef = AA55449E1FE7BBBB0031F846 /* UserNotifications.framework */; };
		AA5545131FE7BD410031F846 /* libz.tbd in Frameworks */ = {isa = PBXBuildFile; fileRef = AA5545121FE7BD410031F846 /* libz.tbd */; };
		AA7749811FEA303E0095C378 /* Assets.xcassets in Resources */ = {isa = PBXBuildFile; fileRef = AA7749801FEA303E0095C378 /* Assets.xcassets */; };
		AA7749831FEA34280095C378 /* me_normal.png in Resources */ = {isa = PBXBuildFile; fileRef = AA7749821FEA34280095C378 /* me_normal.png */; };
		AA9B6AF51FD13EF400D8BC9E /* CompanyinformationAndBylawsViewController.m in Sources */ = {isa = PBXBuildFile; fileRef = AA9B6AF41FD13EF400D8BC9E /* CompanyinformationAndBylawsViewController.m */; };
		AAA169FA1FA98E0F00F35475 /* AppTBViewController.m in Sources */ = {isa = PBXBuildFile; fileRef = AAA169F91FA98E0F00F35475 /* AppTBViewController.m */; };
		AAAC3D601FB0562000D54265 /* PunchClockViewController.m in Sources */ = {isa = PBXBuildFile; fileRef = AAAC3D5C1FB0562000D54265 /* PunchClockViewController.m */; };
		AAB3F8BD1FC7E010001327FA /* CompanyNoticeViewController.m in Sources */ = {isa = PBXBuildFile; fileRef = AAB3F8BC1FC7E010001327FA /* CompanyNoticeViewController.m */; };
		AAB4D48F1FC9249F00116355 /* LMJDropdownMenu.m in Sources */ = {isa = PBXBuildFile; fileRef = AAB4D48E1FC9249F00116355 /* LMJDropdownMenu.m */; };
		AAB4D4941FC959F600116355 /* UIView+Extension.m in Sources */ = {isa = PBXBuildFile; fileRef = AAB4D4931FC959F600116355 /* UIView+Extension.m */; };
		AAB4D4971FC95A9300116355 /* NSDate+Extension.m in Sources */ = {isa = PBXBuildFile; fileRef = AAB4D4961FC95A9300116355 /* NSDate+Extension.m */; };
		AAB4D49B1FC95D1700116355 /* WSDatePickerView.m in Sources */ = {isa = PBXBuildFile; fileRef = AAB4D4981FC95D1600116355 /* WSDatePickerView.m */; };
		AAB4D49C1FC95D1700116355 /* WSDatePickerView.xib in Resources */ = {isa = PBXBuildFile; fileRef = AAB4D4991FC95D1600116355 /* WSDatePickerView.xib */; };
		AAB675C31FBBE58E00BF696B /* MessageViewController.m in Sources */ = {isa = PBXBuildFile; fileRef = AAB675C21FBBE58E00BF696B /* MessageViewController.m */; };
		AABD8AD81FC814C1005058BD /* ACPApproval.m in Sources */ = {isa = PBXBuildFile; fileRef = AABD8AD71FC814C1005058BD /* ACPApproval.m */; };
		AABD8ADB1FC8150E005058BD /* ACPApprovalListView.m in Sources */ = {isa = PBXBuildFile; fileRef = AABD8ADA1FC8150E005058BD /* ACPApprovalListView.m */; };
		AABD8ADE1FC81524005058BD /* ACPApprovalTableViewCell.m in Sources */ = {isa = PBXBuildFile; fileRef = AABD8ADD1FC81524005058BD /* ACPApprovalTableViewCell.m */; };
		AABD8AE11FC81598005058BD /* ACPApprovelViewController.m in Sources */ = {isa = PBXBuildFile; fileRef = AABD8AE01FC81598005058BD /* ACPApprovelViewController.m */; };
		AABFE66A1FB56F7F000ED5C7 /* PunchRecordViewController.m in Sources */ = {isa = PBXBuildFile; fileRef = AABFE6691FB56F7E000ED5C7 /* PunchRecordViewController.m */; };
		AAC0B85D1FF0EFA500F5D2DB /* VersionInformationViewController.m in Sources */ = {isa = PBXBuildFile; fileRef = AAC0B85C1FF0EFA500F5D2DB /* VersionInformationViewController.m */; };
		AAC0B85F1FF21D1A00F5D2DB /* history.png in Resources */ = {isa = PBXBuildFile; fileRef = AAC0B85E1FF21D1A00F5D2DB /* history.png */; };
		AAC0B8611FF226BB00F5D2DB /* rules.png in Resources */ = {isa = PBXBuildFile; fileRef = AAC0B8601FF226BB00F5D2DB /* rules.png */; };
		AAC0B8631FF3838900F5D2DB /* askware.png in Resources */ = {isa = PBXBuildFile; fileRef = AAC0B8621FF3838900F5D2DB /* askware.png */; };
		AAC0B8651FF3839B00F5D2DB /* vacation.png in Resources */ = {isa = PBXBuildFile; fileRef = AAC0B8641FF3839B00F5D2DB /* vacation.png */; };
		AAC0B8671FF383A800F5D2DB /* worksheet.jpg in Resources */ = {isa = PBXBuildFile; fileRef = AAC0B8661FF383A800F5D2DB /* worksheet.jpg */; };
		AAC0B8691FF38B4B00F5D2DB /* update.png in Resources */ = {isa = PBXBuildFile; fileRef = AAC0B8681FF38B4B00F5D2DB /* update.png */; };
		AAC4D1F81FAAA11900183930 /* AppCoverViewController.m in Sources */ = {isa = PBXBuildFile; fileRef = AAC4D1F71FAAA11900183930 /* AppCoverViewController.m */; };
		AAD911FE1FD691B8002A42B5 /* CompanyAddressBookViewController.m in Sources */ = {isa = PBXBuildFile; fileRef = AAD911FD1FD691B8002A42B5 /* CompanyAddressBookViewController.m */; };
		AAD912011FD6955D002A42B5 /* AddressBook.m in Sources */ = {isa = PBXBuildFile; fileRef = AAD912001FD6955D002A42B5 /* AddressBook.m */; };
		AAD912041FD69576002A42B5 /* AddressBooKTableViewCell.m in Sources */ = {isa = PBXBuildFile; fileRef = AAD912031FD69576002A42B5 /* AddressBooKTableViewCell.m */; };
		AAD912071FD6959C002A42B5 /* AddressBooKListView.m in Sources */ = {isa = PBXBuildFile; fileRef = AAD912061FD6959C002A42B5 /* AddressBooKListView.m */; };
		AAD9120B1FD780A4002A42B5 /* DetailOfPeopleINformationViewController.m in Sources */ = {isa = PBXBuildFile; fileRef = AAD9120A1FD780A4002A42B5 /* DetailOfPeopleINformationViewController.m */; };
		AAD93D6F1FB9224500A7CC2A /* ExaminationApprovalViewController.m in Sources */ = {isa = PBXBuildFile; fileRef = AAD93D6E1FB9224500A7CC2A /* ExaminationApprovalViewController.m */; };
		AAD93D721FB933FF00A7CC2A /* LanchViewController.m in Sources */ = {isa = PBXBuildFile; fileRef = AAD93D711FB933FF00A7CC2A /* LanchViewController.m */; };
		AAD93D751FB9372A00A7CC2A /* CompanyViewController.m in Sources */ = {isa = PBXBuildFile; fileRef = AAD93D741FB9372A00A7CC2A /* CompanyViewController.m */; };
		AADAAA2E1FCD364100A4FC5D /* RequestAndLeaveDetailsViewController.m in Sources */ = {isa = PBXBuildFile; fileRef = AADAAA2D1FCD364100A4FC5D /* RequestAndLeaveDetailsViewController.m */; };
		AAEEEA4C1FCF9CBA0012A695 /* Request.m in Sources */ = {isa = PBXBuildFile; fileRef = AAEEEA4B1FCF9CBA0012A695 /* Request.m */; };
		AAEEEA4F1FCF9CD50012A695 /* RequestTableViewCell.m in Sources */ = {isa = PBXBuildFile; fileRef = AAEEEA4E1FCF9CD50012A695 /* RequestTableViewCell.m */; };
		AAEEEA521FCFE5130012A695 /* RequestLeaveDetailViewController.m in Sources */ = {isa = PBXBuildFile; fileRef = AAEEEA511FCFE5130012A695 /* RequestLeaveDetailViewController.m */; };
		AAEF4CC41FB9615F00474C07 /* MeInformationViewController.m in Sources */ = {isa = PBXBuildFile; fileRef = AAEF4CC31FB9615F00474C07 /* MeInformationViewController.m */; };
		AAEF4CC71FB9646500474C07 /* AboutYouthViewController.m in Sources */ = {isa = PBXBuildFile; fileRef = AAEF4CC61FB9646500474C07 /* AboutYouthViewController.m */; };
/* End PBXBuildFile section */

/* Begin PBXContainerItemProxy section */
		AA1CEC921FA9602E00050EFC /* PBXContainerItemProxy */ = {
			isa = PBXContainerItemProxy;
			containerPortal = AA1CEC771FA9602E00050EFC /* Project object */;
			proxyType = 1;
			remoteGlobalIDString = AA1CEC7E1FA9602E00050EFC;
			remoteInfo = QQA;
		};
		AA1CEC9D1FA9602E00050EFC /* PBXContainerItemProxy */ = {
			isa = PBXContainerItemProxy;
			containerPortal = AA1CEC771FA9602E00050EFC /* Project object */;
			proxyType = 1;
			remoteGlobalIDString = AA1CEC7E1FA9602E00050EFC;
			remoteInfo = QQA;
		};
/* End PBXContainerItemProxy section */

/* Begin PBXFileReference section */
		2ECCA599687977AA5ACEDCC1 /* libPods-QQA.a */ = {isa = PBXFileReference; explicitFileType = archive.ar; includeInIndex = 0; path = "libPods-QQA.a"; sourceTree = BUILT_PRODUCTS_DIR; };
		5EB9B0173C989AA3F3E802A8 /* Pods-QQA.release.xcconfig */ = {isa = PBXFileReference; includeInIndex = 1; lastKnownFileType = text.xcconfig; name = "Pods-QQA.release.xcconfig"; path = "Pods/Target Support Files/Pods-QQA/Pods-QQA.release.xcconfig"; sourceTree = "<group>"; };
		AA1322561FFCD2D600A18188 /* aps_development.cer */ = {isa = PBXFileReference; lastKnownFileType = file; path = aps_development.cer; sourceTree = "<group>"; };
		AA13948C1FC263F00070B1E2 /* LeaveForExaminationAndApprovalViewController.h */ = {isa = PBXFileReference; lastKnownFileType = sourcecode.c.h; path = LeaveForExaminationAndApprovalViewController.h; sourceTree = "<group>"; };
		AA13948D1FC263F00070B1E2 /* LeaveForExaminationAndApprovalViewController.m */ = {isa = PBXFileReference; lastKnownFileType = sourcecode.c.objc; path = LeaveForExaminationAndApprovalViewController.m; sourceTree = "<group>"; };
		AA1394901FC277D20070B1E2 /* RequestForInstructionViewController.h */ = {isa = PBXFileReference; lastKnownFileType = sourcecode.c.h; path = RequestForInstructionViewController.h; sourceTree = "<group>"; };
		AA1394911FC277D20070B1E2 /* RequestForInstructionViewController.m */ = {isa = PBXFileReference; lastKnownFileType = sourcecode.c.objc; path = RequestForInstructionViewController.m; sourceTree = "<group>"; };
		AA199AF71FC3F01D00BCE01A /* SendTheScopeViewController.h */ = {isa = PBXFileReference; lastKnownFileType = sourcecode.c.h; path = SendTheScopeViewController.h; sourceTree = "<group>"; };
		AA199AF81FC3F01D00BCE01A /* SendTheScopeViewController.m */ = {isa = PBXFileReference; lastKnownFileType = sourcecode.c.objc; path = SendTheScopeViewController.m; sourceTree = "<group>"; };
		AA1CEC7F1FA9602E00050EFC /* QQA.app */ = {isa = PBXFileReference; explicitFileType = wrapper.application; includeInIndex = 0; path = QQA.app; sourceTree = BUILT_PRODUCTS_DIR; };
		AA1CEC821FA9602E00050EFC /* AppDelegate.h */ = {isa = PBXFileReference; lastKnownFileType = sourcecode.c.h; path = AppDelegate.h; sourceTree = "<group>"; };
		AA1CEC831FA9602E00050EFC /* AppDelegate.m */ = {isa = PBXFileReference; lastKnownFileType = sourcecode.c.objc; path = AppDelegate.m; sourceTree = "<group>"; };
		AA1CEC881FA9602E00050EFC /* Base */ = {isa = PBXFileReference; lastKnownFileType = file.storyboard; name = Base; path = Base.lproj/LaunchScreen.storyboard; sourceTree = "<group>"; };
		AA1CEC8A1FA9602E00050EFC /* Info.plist */ = {isa = PBXFileReference; lastKnownFileType = text.plist.xml; path = Info.plist; sourceTree = "<group>"; };
		AA1CEC8B1FA9602E00050EFC /* main.m */ = {isa = PBXFileReference; lastKnownFileType = sourcecode.c.objc; path = main.m; sourceTree = "<group>"; };
		AA1CEC911FA9602E00050EFC /* QQATests.xctest */ = {isa = PBXFileReference; explicitFileType = wrapper.cfbundle; includeInIndex = 0; path = QQATests.xctest; sourceTree = BUILT_PRODUCTS_DIR; };
		AA1CEC951FA9602E00050EFC /* QQATests.m */ = {isa = PBXFileReference; lastKnownFileType = sourcecode.c.objc; path = QQATests.m; sourceTree = "<group>"; };
		AA1CEC971FA9602E00050EFC /* Info.plist */ = {isa = PBXFileReference; lastKnownFileType = text.plist.xml; path = Info.plist; sourceTree = "<group>"; };
		AA1CEC9C1FA9602E00050EFC /* QQAUITests.xctest */ = {isa = PBXFileReference; explicitFileType = wrapper.cfbundle; includeInIndex = 0; path = QQAUITests.xctest; sourceTree = BUILT_PRODUCTS_DIR; };
		AA1CECA01FA9602E00050EFC /* QQAUITests.m */ = {isa = PBXFileReference; lastKnownFileType = sourcecode.c.objc; path = QQAUITests.m; sourceTree = "<group>"; };
		AA1CECA21FA9602E00050EFC /* Info.plist */ = {isa = PBXFileReference; lastKnownFileType = text.plist.xml; path = Info.plist; sourceTree = "<group>"; };
		AA1CECB41FA960EF00050EFC /* account.png */ = {isa = PBXFileReference; lastKnownFileType = image.png; path = account.png; sourceTree = "<group>"; };
		AA20C6951FD147BC0095AF0F /* CompanyBylawsViewController.h */ = {isa = PBXFileReference; lastKnownFileType = sourcecode.c.h; path = CompanyBylawsViewController.h; sourceTree = "<group>"; };
		AA20C6961FD147BC0095AF0F /* CompanyBylawsViewController.m */ = {isa = PBXFileReference; lastKnownFileType = sourcecode.c.objc; path = CompanyBylawsViewController.m; sourceTree = "<group>"; };
		AA20C6981FD147DF0095AF0F /* CompanyOrganizationalStructureViewController.h */ = {isa = PBXFileReference; lastKnownFileType = sourcecode.c.h; path = CompanyOrganizationalStructureViewController.h; sourceTree = "<group>"; };
		AA20C6991FD147DF0095AF0F /* CompanyOrganizationalStructureViewController.m */ = {isa = PBXFileReference; lastKnownFileType = sourcecode.c.objc; path = CompanyOrganizationalStructureViewController.m; sourceTree = "<group>"; };
		AA20C69B1FD14E9A0095AF0F /* CompanyOrganizationalStructure.h */ = {isa = PBXFileReference; lastKnownFileType = sourcecode.c.h; path = CompanyOrganizationalStructure.h; sourceTree = "<group>"; };
		AA20C69C1FD14E9A0095AF0F /* CompanyOrganizationalStructure.m */ = {isa = PBXFileReference; lastKnownFileType = sourcecode.c.objc; path = CompanyOrganizationalStructure.m; sourceTree = "<group>"; };
		AA20C69E1FD14EB00095AF0F /* CompanyOrganizationalStructureTableViewCell.h */ = {isa = PBXFileReference; lastKnownFileType = sourcecode.c.h; path = CompanyOrganizationalStructureTableViewCell.h; sourceTree = "<group>"; };
		AA20C69F1FD14EB00095AF0F /* CompanyOrganizationalStructureTableViewCell.m */ = {isa = PBXFileReference; lastKnownFileType = sourcecode.c.objc; path = CompanyOrganizationalStructureTableViewCell.m; sourceTree = "<group>"; };
		AA20C6A11FD14EF60095AF0F /* CompanyOrganizationalStructureListView.h */ = {isa = PBXFileReference; lastKnownFileType = sourcecode.c.h; path = CompanyOrganizationalStructureListView.h; sourceTree = "<group>"; };
		AA20C6A21FD14EF60095AF0F /* CompanyOrganizationalStructureListView.m */ = {isa = PBXFileReference; lastKnownFileType = sourcecode.c.objc; path = CompanyOrganizationalStructureListView.m; sourceTree = "<group>"; };
		AA25BCD31FBEA622009B8CA0 /* IInitiatedtheExaminationTableViewController.h */ = {isa = PBXFileReference; lastKnownFileType = sourcecode.c.h; path = IInitiatedtheExaminationTableViewController.h; sourceTree = "<group>"; };
		AA25BCD41FBEA622009B8CA0 /* IInitiatedtheExaminationTableViewController.m */ = {isa = PBXFileReference; lastKnownFileType = sourcecode.c.objc; path = IInitiatedtheExaminationTableViewController.m; sourceTree = "<group>"; };
		AA25BCD71FBEA642009B8CA0 /* IInitiatedtheExaminationTableViewCell.h */ = {isa = PBXFileReference; lastKnownFileType = sourcecode.c.h; path = IInitiatedtheExaminationTableViewCell.h; sourceTree = "<group>"; };
		AA25BCD81FBEA642009B8CA0 /* IInitiatedtheExaminationTableViewCell.m */ = {isa = PBXFileReference; lastKnownFileType = sourcecode.c.objc; path = IInitiatedtheExaminationTableViewCell.m; sourceTree = "<group>"; };
		AA2CED6E1FAAFF0800433BFA /* ScanImageViewController.m */ = {isa = PBXFileReference; lastKnownFileType = sourcecode.c.objc; path = ScanImageViewController.m; sourceTree = "<group>"; };
		AA2CED6F1FAAFF0900433BFA /* ScanImageViewController.h */ = {isa = PBXFileReference; lastKnownFileType = sourcecode.c.h; path = ScanImageViewController.h; sourceTree = "<group>"; };
		AA3508111FAC444800EBA535 /* QQA_PrefixHeader.pch */ = {isa = PBXFileReference; lastKnownFileType = sourcecode.c.h; path = QQA_PrefixHeader.pch; sourceTree = "<group>"; };
		AA392A511FEC947800C1C581 /* UMSecondViewController.h */ = {isa = PBXFileReference; lastKnownFileType = sourcecode.c.h; path = UMSecondViewController.h; sourceTree = "<group>"; };
		AA392A521FEC947800C1C581 /* UMSecondViewController.m */ = {isa = PBXFileReference; lastKnownFileType = sourcecode.c.objc; path = UMSecondViewController.m; sourceTree = "<group>"; };
		AA392A541FEC94D100C1C581 /* UMFirstViewController.h */ = {isa = PBXFileReference; lastKnownFileType = sourcecode.c.h; path = UMFirstViewController.h; sourceTree = "<group>"; };
		AA392A551FEC94D100C1C581 /* UMFirstViewController.m */ = {isa = PBXFileReference; lastKnownFileType = sourcecode.c.objc; path = UMFirstViewController.m; sourceTree = "<group>"; };
		AA3A75341FE50BC000F3EB25 /* RulesDetailViewController.h */ = {isa = PBXFileReference; lastKnownFileType = sourcecode.c.h; path = RulesDetailViewController.h; sourceTree = "<group>"; };
		AA3A75351FE50BC000F3EB25 /* RulesDetailViewController.m */ = {isa = PBXFileReference; lastKnownFileType = sourcecode.c.objc; path = RulesDetailViewController.m; sourceTree = "<group>"; };
		AA55449E1FE7BBBB0031F846 /* UserNotifications.framework */ = {isa = PBXFileReference; lastKnownFileType = wrapper.framework; name = UserNotifications.framework; path = System/Library/Frameworks/UserNotifications.framework; sourceTree = SDKROOT; };
		AA5545121FE7BD410031F846 /* libz.tbd */ = {isa = PBXFileReference; lastKnownFileType = "sourcecode.text-based-dylib-definition"; name = libz.tbd; path = usr/lib/libz.tbd; sourceTree = SDKROOT; };
		AA5545141FE7BE160031F846 /* QQA.entitlements */ = {isa = PBXFileReference; lastKnownFileType = text.plist.entitlements; path = QQA.entitlements; sourceTree = "<group>"; };
		AA7749801FEA303E0095C378 /* Assets.xcassets */ = {isa = PBXFileReference; lastKnownFileType = folder.assetcatalog; name = Assets.xcassets; path = resource/youth_info/Assets.xcassets; sourceTree = "<group>"; };
		AA7749821FEA34280095C378 /* me_normal.png */ = {isa = PBXFileReference; lastKnownFileType = image.png; path = me_normal.png; sourceTree = "<group>"; };
		AA9B6AF31FD13EF400D8BC9E /* CompanyinformationAndBylawsViewController.h */ = {isa = PBXFileReference; lastKnownFileType = sourcecode.c.h; path = CompanyinformationAndBylawsViewController.h; sourceTree = "<group>"; };
		AA9B6AF41FD13EF400D8BC9E /* CompanyinformationAndBylawsViewController.m */ = {isa = PBXFileReference; lastKnownFileType = sourcecode.c.objc; path = CompanyinformationAndBylawsViewController.m; sourceTree = "<group>"; };
		AAA169F81FA98E0F00F35475 /* AppTBViewController.h */ = {isa = PBXFileReference; lastKnownFileType = sourcecode.c.h; path = AppTBViewController.h; sourceTree = "<group>"; };
		AAA169F91FA98E0F00F35475 /* AppTBViewController.m */ = {isa = PBXFileReference; lastKnownFileType = sourcecode.c.objc; path = AppTBViewController.m; sourceTree = "<group>"; };
		AAAC3D5B1FB0561F00D54265 /* PunchClockViewController.h */ = {isa = PBXFileReference; fileEncoding = 4; lastKnownFileType = sourcecode.c.h; path = PunchClockViewController.h; sourceTree = "<group>"; };
		AAAC3D5C1FB0562000D54265 /* PunchClockViewController.m */ = {isa = PBXFileReference; fileEncoding = 4; lastKnownFileType = sourcecode.c.objc; path = PunchClockViewController.m; sourceTree = "<group>"; };
		AAB0F71D1FA992E200A9F684 /* locker.png */ = {isa = PBXFileReference; lastKnownFileType = image.png; path = locker.png; sourceTree = "<group>"; };
		AAB0F71E1FA992E200A9F684 /* notify.png */ = {isa = PBXFileReference; lastKnownFileType = image.png; path = notify.png; sourceTree = "<group>"; };
		AAB0F71F1FA992E200A9F684 /* scan_qrcode.png */ = {isa = PBXFileReference; lastKnownFileType = image.png; path = scan_qrcode.png; sourceTree = "<group>"; };
		AAB0F7211FA992E200A9F684 /* checkmark_green.png */ = {isa = PBXFileReference; lastKnownFileType = image.png; path = checkmark_green.png; sourceTree = "<group>"; };
		AAB0F7221FA992E200A9F684 /* checkmark.png */ = {isa = PBXFileReference; lastKnownFileType = image.png; path = checkmark.png; sourceTree = "<group>"; };
		AAB0F7231FA992E200A9F684 /* hongjinbao.jpg */ = {isa = PBXFileReference; lastKnownFileType = image.jpeg; path = hongjinbao.jpg; sourceTree = "<group>"; };
		AAB0F7241FA992E300A9F684 /* text_input_box.png */ = {isa = PBXFileReference; lastKnownFileType = image.png; path = text_input_box.png; sourceTree = "<group>"; };
		AAB0F7251FA992E300A9F684 /* home_normal.png */ = {isa = PBXFileReference; lastKnownFileType = image.png; path = home_normal.png; sourceTree = "<group>"; };
		AAB0F7261FA992E300A9F684 /* red_button.png */ = {isa = PBXFileReference; lastKnownFileType = image.png; path = red_button.png; sourceTree = "<group>"; };
		AAB0F7271FA992E300A9F684 /* app_face_title.png */ = {isa = PBXFileReference; lastKnownFileType = image.png; path = app_face_title.png; sourceTree = "<group>"; };
		AAB0F7281FA992E300A9F684 /* unlocker.png */ = {isa = PBXFileReference; lastKnownFileType = image.png; path = unlocker.png; sourceTree = "<group>"; };
		AAB0F7291FA992E300A9F684 /* key.png */ = {isa = PBXFileReference; lastKnownFileType = image.png; path = key.png; sourceTree = "<group>"; };
		AAB0F72B1FA992E300A9F684 /* search.png */ = {isa = PBXFileReference; lastKnownFileType = image.png; path = search.png; sourceTree = "<group>"; };
		AAB0F72C1FA992E300A9F684 /* youth_info.png */ = {isa = PBXFileReference; lastKnownFileType = image.png; path = youth_info.png; sourceTree = "<group>"; };
		AAB0F72D1FA992E300A9F684 /* clockin_normal.png */ = {isa = PBXFileReference; lastKnownFileType = image.png; path = clockin_normal.png; sourceTree = "<group>"; };
		AAB0F72E1FA992E400A9F684 /* qrcode.png */ = {isa = PBXFileReference; lastKnownFileType = image.png; path = qrcode.png; sourceTree = "<group>"; };
		AAB0F72F1FA992E400A9F684 /* everyday_1.png */ = {isa = PBXFileReference; lastKnownFileType = image.png; path = everyday_1.png; sourceTree = "<group>"; };
		AAB0F7301FA992E400A9F684 /* rules.png */ = {isa = PBXFileReference; lastKnownFileType = image.png; path = rules.png; sourceTree = "<group>"; };
		AAB0F7311FA992E400A9F684 /* cloud_storge.png */ = {isa = PBXFileReference; lastKnownFileType = image.png; path = cloud_storge.png; sourceTree = "<group>"; };
		AAB0F7321FA992E400A9F684 /* cycle_button_shape.xml */ = {isa = PBXFileReference; lastKnownFileType = text.xml; path = cycle_button_shape.xml; sourceTree = "<group>"; };
		AAB0F7331FA992E400A9F684 /* app_face_logo.png */ = {isa = PBXFileReference; lastKnownFileType = image.png; path = app_face_logo.png; sourceTree = "<group>"; };
		AAB0F7341FA992E400A9F684 /* about.png */ = {isa = PBXFileReference; lastKnownFileType = image.png; path = about.png; sourceTree = "<group>"; };
		AAB0F7351FA992E400A9F684 /* app_face.png */ = {isa = PBXFileReference; lastKnownFileType = image.png; path = app_face.png; sourceTree = "<group>"; };
		AAB0F7361FA992E500A9F684 /* close.png */ = {isa = PBXFileReference; lastKnownFileType = image.png; path = close.png; sourceTree = "<group>"; };
		AAB0F7371FA992E500A9F684 /* contact.png */ = {isa = PBXFileReference; lastKnownFileType = image.png; path = contact.png; sourceTree = "<group>"; };
		AAB0F7381FA992E500A9F684 /* forward.png */ = {isa = PBXFileReference; lastKnownFileType = image.png; path = forward.png; sourceTree = "<group>"; };
		AAB0F7391FA992E500A9F684 /* info.png */ = {isa = PBXFileReference; lastKnownFileType = image.png; path = info.png; sourceTree = "<group>"; };
		AAB3F8BB1FC7E010001327FA /* CompanyNoticeViewController.h */ = {isa = PBXFileReference; lastKnownFileType = sourcecode.c.h; path = CompanyNoticeViewController.h; sourceTree = "<group>"; };
		AAB3F8BC1FC7E010001327FA /* CompanyNoticeViewController.m */ = {isa = PBXFileReference; lastKnownFileType = sourcecode.c.objc; path = CompanyNoticeViewController.m; sourceTree = "<group>"; };
		AAB4D48D1FC9249F00116355 /* LMJDropdownMenu.h */ = {isa = PBXFileReference; lastKnownFileType = sourcecode.c.h; path = LMJDropdownMenu.h; sourceTree = "<group>"; };
		AAB4D48E1FC9249F00116355 /* LMJDropdownMenu.m */ = {isa = PBXFileReference; lastKnownFileType = sourcecode.c.objc; path = LMJDropdownMenu.m; sourceTree = "<group>"; };
		AAB4D4921FC959F600116355 /* UIView+Extension.h */ = {isa = PBXFileReference; lastKnownFileType = sourcecode.c.h; path = "UIView+Extension.h"; sourceTree = "<group>"; };
		AAB4D4931FC959F600116355 /* UIView+Extension.m */ = {isa = PBXFileReference; lastKnownFileType = sourcecode.c.objc; path = "UIView+Extension.m"; sourceTree = "<group>"; };
		AAB4D4951FC95A9300116355 /* NSDate+Extension.h */ = {isa = PBXFileReference; lastKnownFileType = sourcecode.c.h; path = "NSDate+Extension.h"; sourceTree = "<group>"; };
		AAB4D4961FC95A9300116355 /* NSDate+Extension.m */ = {isa = PBXFileReference; lastKnownFileType = sourcecode.c.objc; path = "NSDate+Extension.m"; sourceTree = "<group>"; };
		AAB4D4981FC95D1600116355 /* WSDatePickerView.m */ = {isa = PBXFileReference; fileEncoding = 4; lastKnownFileType = sourcecode.c.objc; path = WSDatePickerView.m; sourceTree = "<group>"; };
		AAB4D4991FC95D1600116355 /* WSDatePickerView.xib */ = {isa = PBXFileReference; fileEncoding = 4; lastKnownFileType = file.xib; path = WSDatePickerView.xib; sourceTree = "<group>"; };
		AAB4D49A1FC95D1600116355 /* WSDatePickerView.h */ = {isa = PBXFileReference; fileEncoding = 4; lastKnownFileType = sourcecode.c.h; path = WSDatePickerView.h; sourceTree = "<group>"; };
		AAB675C11FBBE58E00BF696B /* MessageViewController.h */ = {isa = PBXFileReference; lastKnownFileType = sourcecode.c.h; path = MessageViewController.h; sourceTree = "<group>"; };
		AAB675C21FBBE58E00BF696B /* MessageViewController.m */ = {isa = PBXFileReference; lastKnownFileType = sourcecode.c.objc; path = MessageViewController.m; sourceTree = "<group>"; };
		AABD8AD61FC814C1005058BD /* ACPApproval.h */ = {isa = PBXFileReference; lastKnownFileType = sourcecode.c.h; path = ACPApproval.h; sourceTree = "<group>"; };
		AABD8AD71FC814C1005058BD /* ACPApproval.m */ = {isa = PBXFileReference; lastKnownFileType = sourcecode.c.objc; path = ACPApproval.m; sourceTree = "<group>"; };
		AABD8AD91FC8150E005058BD /* ACPApprovalListView.h */ = {isa = PBXFileReference; lastKnownFileType = sourcecode.c.h; path = ACPApprovalListView.h; sourceTree = "<group>"; };
		AABD8ADA1FC8150E005058BD /* ACPApprovalListView.m */ = {isa = PBXFileReference; lastKnownFileType = sourcecode.c.objc; path = ACPApprovalListView.m; sourceTree = "<group>"; };
		AABD8ADC1FC81524005058BD /* ACPApprovalTableViewCell.h */ = {isa = PBXFileReference; lastKnownFileType = sourcecode.c.h; path = ACPApprovalTableViewCell.h; sourceTree = "<group>"; };
		AABD8ADD1FC81524005058BD /* ACPApprovalTableViewCell.m */ = {isa = PBXFileReference; lastKnownFileType = sourcecode.c.objc; path = ACPApprovalTableViewCell.m; sourceTree = "<group>"; };
		AABD8ADF1FC81598005058BD /* ACPApprovelViewController.h */ = {isa = PBXFileReference; lastKnownFileType = sourcecode.c.h; path = ACPApprovelViewController.h; sourceTree = "<group>"; };
		AABD8AE01FC81598005058BD /* ACPApprovelViewController.m */ = {isa = PBXFileReference; lastKnownFileType = sourcecode.c.objc; path = ACPApprovelViewController.m; sourceTree = "<group>"; };
		AABFE6681FB56F7E000ED5C7 /* PunchRecordViewController.h */ = {isa = PBXFileReference; fileEncoding = 4; lastKnownFileType = sourcecode.c.h; path = PunchRecordViewController.h; sourceTree = "<group>"; };
		AABFE6691FB56F7E000ED5C7 /* PunchRecordViewController.m */ = {isa = PBXFileReference; fileEncoding = 4; lastKnownFileType = sourcecode.c.objc; path = PunchRecordViewController.m; sourceTree = "<group>"; };
		AAC0B85B1FF0EFA500F5D2DB /* VersionInformationViewController.h */ = {isa = PBXFileReference; lastKnownFileType = sourcecode.c.h; path = VersionInformationViewController.h; sourceTree = "<group>"; };
		AAC0B85C1FF0EFA500F5D2DB /* VersionInformationViewController.m */ = {isa = PBXFileReference; lastKnownFileType = sourcecode.c.objc; path = VersionInformationViewController.m; sourceTree = "<group>"; };
		AAC0B85E1FF21D1A00F5D2DB /* history.png */ = {isa = PBXFileReference; lastKnownFileType = image.png; path = history.png; sourceTree = "<group>"; };
		AAC0B8601FF226BB00F5D2DB /* rules.png */ = {isa = PBXFileReference; lastKnownFileType = image.png; name = rules.png; path = ../../../../../../drawable/rules.png; sourceTree = "<group>"; };
		AAC0B8621FF3838900F5D2DB /* askware.png */ = {isa = PBXFileReference; lastKnownFileType = image.png; path = askware.png; sourceTree = "<group>"; };
		AAC0B8641FF3839B00F5D2DB /* vacation.png */ = {isa = PBXFileReference; lastKnownFileType = image.png; path = vacation.png; sourceTree = "<group>"; };
		AAC0B8661FF383A800F5D2DB /* worksheet.jpg */ = {isa = PBXFileReference; lastKnownFileType = image.jpeg; path = worksheet.jpg; sourceTree = "<group>"; };
		AAC0B8681FF38B4B00F5D2DB /* update.png */ = {isa = PBXFileReference; lastKnownFileType = image.png; path = update.png; sourceTree = "<group>"; };
		AAC4D1F61FAAA11900183930 /* AppCoverViewController.h */ = {isa = PBXFileReference; lastKnownFileType = sourcecode.c.h; path = AppCoverViewController.h; sourceTree = "<group>"; };
		AAC4D1F71FAAA11900183930 /* AppCoverViewController.m */ = {isa = PBXFileReference; lastKnownFileType = sourcecode.c.objc; path = AppCoverViewController.m; sourceTree = "<group>"; };
		AAD911FC1FD691B8002A42B5 /* CompanyAddressBookViewController.h */ = {isa = PBXFileReference; lastKnownFileType = sourcecode.c.h; path = CompanyAddressBookViewController.h; sourceTree = "<group>"; };
		AAD911FD1FD691B8002A42B5 /* CompanyAddressBookViewController.m */ = {isa = PBXFileReference; lastKnownFileType = sourcecode.c.objc; path = CompanyAddressBookViewController.m; sourceTree = "<group>"; };
		AAD911FF1FD6955D002A42B5 /* AddressBook.h */ = {isa = PBXFileReference; lastKnownFileType = sourcecode.c.h; path = AddressBook.h; sourceTree = "<group>"; };
		AAD912001FD6955D002A42B5 /* AddressBook.m */ = {isa = PBXFileReference; lastKnownFileType = sourcecode.c.objc; path = AddressBook.m; sourceTree = "<group>"; };
		AAD912021FD69576002A42B5 /* AddressBooKTableViewCell.h */ = {isa = PBXFileReference; lastKnownFileType = sourcecode.c.h; path = AddressBooKTableViewCell.h; sourceTree = "<group>"; };
		AAD912031FD69576002A42B5 /* AddressBooKTableViewCell.m */ = {isa = PBXFileReference; lastKnownFileType = sourcecode.c.objc; path = AddressBooKTableViewCell.m; sourceTree = "<group>"; };
		AAD912051FD6959C002A42B5 /* AddressBooKListView.h */ = {isa = PBXFileReference; lastKnownFileType = sourcecode.c.h; path = AddressBooKListView.h; sourceTree = "<group>"; };
		AAD912061FD6959C002A42B5 /* AddressBooKListView.m */ = {isa = PBXFileReference; lastKnownFileType = sourcecode.c.objc; path = AddressBooKListView.m; sourceTree = "<group>"; };
		AAD912091FD780A4002A42B5 /* DetailOfPeopleINformationViewController.h */ = {isa = PBXFileReference; lastKnownFileType = sourcecode.c.h; path = DetailOfPeopleINformationViewController.h; sourceTree = "<group>"; };
		AAD9120A1FD780A4002A42B5 /* DetailOfPeopleINformationViewController.m */ = {isa = PBXFileReference; lastKnownFileType = sourcecode.c.objc; path = DetailOfPeopleINformationViewController.m; sourceTree = "<group>"; };
		AAD93D6D1FB9224500A7CC2A /* ExaminationApprovalViewController.h */ = {isa = PBXFileReference; lastKnownFileType = sourcecode.c.h; path = ExaminationApprovalViewController.h; sourceTree = "<group>"; };
		AAD93D6E1FB9224500A7CC2A /* ExaminationApprovalViewController.m */ = {isa = PBXFileReference; lastKnownFileType = sourcecode.c.objc; path = ExaminationApprovalViewController.m; sourceTree = "<group>"; };
		AAD93D701FB933FF00A7CC2A /* LanchViewController.h */ = {isa = PBXFileReference; lastKnownFileType = sourcecode.c.h; path = LanchViewController.h; sourceTree = "<group>"; };
		AAD93D711FB933FF00A7CC2A /* LanchViewController.m */ = {isa = PBXFileReference; lastKnownFileType = sourcecode.c.objc; path = LanchViewController.m; sourceTree = "<group>"; };
		AAD93D731FB9372A00A7CC2A /* CompanyViewController.h */ = {isa = PBXFileReference; lastKnownFileType = sourcecode.c.h; path = CompanyViewController.h; sourceTree = "<group>"; };
		AAD93D741FB9372A00A7CC2A /* CompanyViewController.m */ = {isa = PBXFileReference; lastKnownFileType = sourcecode.c.objc; path = CompanyViewController.m; sourceTree = "<group>"; };
		AADAAA2C1FCD364100A4FC5D /* RequestAndLeaveDetailsViewController.h */ = {isa = PBXFileReference; lastKnownFileType = sourcecode.c.h; path = RequestAndLeaveDetailsViewController.h; sourceTree = "<group>"; };
		AADAAA2D1FCD364100A4FC5D /* RequestAndLeaveDetailsViewController.m */ = {isa = PBXFileReference; lastKnownFileType = sourcecode.c.objc; path = RequestAndLeaveDetailsViewController.m; sourceTree = "<group>"; };
		AAEEEA4A1FCF9CBA0012A695 /* Request.h */ = {isa = PBXFileReference; lastKnownFileType = sourcecode.c.h; path = Request.h; sourceTree = "<group>"; };
		AAEEEA4B1FCF9CBA0012A695 /* Request.m */ = {isa = PBXFileReference; lastKnownFileType = sourcecode.c.objc; path = Request.m; sourceTree = "<group>"; };
		AAEEEA4D1FCF9CD50012A695 /* RequestTableViewCell.h */ = {isa = PBXFileReference; lastKnownFileType = sourcecode.c.h; path = RequestTableViewCell.h; sourceTree = "<group>"; };
		AAEEEA4E1FCF9CD50012A695 /* RequestTableViewCell.m */ = {isa = PBXFileReference; lastKnownFileType = sourcecode.c.objc; path = RequestTableViewCell.m; sourceTree = "<group>"; };
		AAEEEA501FCFE5130012A695 /* RequestLeaveDetailViewController.h */ = {isa = PBXFileReference; lastKnownFileType = sourcecode.c.h; path = RequestLeaveDetailViewController.h; sourceTree = "<group>"; };
		AAEEEA511FCFE5130012A695 /* RequestLeaveDetailViewController.m */ = {isa = PBXFileReference; lastKnownFileType = sourcecode.c.objc; path = RequestLeaveDetailViewController.m; sourceTree = "<group>"; };
		AAEF4CC21FB9615F00474C07 /* MeInformationViewController.h */ = {isa = PBXFileReference; lastKnownFileType = sourcecode.c.h; path = MeInformationViewController.h; sourceTree = "<group>"; };
		AAEF4CC31FB9615F00474C07 /* MeInformationViewController.m */ = {isa = PBXFileReference; lastKnownFileType = sourcecode.c.objc; path = MeInformationViewController.m; sourceTree = "<group>"; };
		AAEF4CC51FB9646500474C07 /* AboutYouthViewController.h */ = {isa = PBXFileReference; lastKnownFileType = sourcecode.c.h; path = AboutYouthViewController.h; sourceTree = "<group>"; };
		AAEF4CC61FB9646500474C07 /* AboutYouthViewController.m */ = {isa = PBXFileReference; lastKnownFileType = sourcecode.c.objc; path = AboutYouthViewController.m; sourceTree = "<group>"; };
		CE70EE0C5B008995EA81DF25 /* Pods-QQA.debug.xcconfig */ = {isa = PBXFileReference; includeInIndex = 1; lastKnownFileType = text.xcconfig; name = "Pods-QQA.debug.xcconfig"; path = "Pods/Target Support Files/Pods-QQA/Pods-QQA.debug.xcconfig"; sourceTree = "<group>"; };
/* End PBXFileReference section */

/* Begin PBXFrameworksBuildPhase section */
		AA1CEC7C1FA9602E00050EFC /* Frameworks */ = {
			isa = PBXFrameworksBuildPhase;
			buildActionMask = 2147483647;
			files = (
				AA5545131FE7BD410031F846 /* libz.tbd in Frameworks */,
				AA55449F1FE7BBBB0031F846 /* UserNotifications.framework in Frameworks */,
				466E2A145386609065AEE56E /* libPods-QQA.a in Frameworks */,
			);
			runOnlyForDeploymentPostprocessing = 0;
		};
		AA1CEC8E1FA9602E00050EFC /* Frameworks */ = {
			isa = PBXFrameworksBuildPhase;
			buildActionMask = 2147483647;
			files = (
			);
			runOnlyForDeploymentPostprocessing = 0;
		};
		AA1CEC991FA9602E00050EFC /* Frameworks */ = {
			isa = PBXFrameworksBuildPhase;
			buildActionMask = 2147483647;
			files = (
			);
			runOnlyForDeploymentPostprocessing = 0;
		};
/* End PBXFrameworksBuildPhase section */

/* Begin PBXGroup section */
		0070CD80F4E18048FC58D7C6 /* Pods */ = {
			isa = PBXGroup;
			children = (
				CE70EE0C5B008995EA81DF25 /* Pods-QQA.debug.xcconfig */,
				5EB9B0173C989AA3F3E802A8 /* Pods-QQA.release.xcconfig */,
			);
			name = Pods;
			sourceTree = "<group>";
		};
		200EDB938BA67950C84FAE9A /* Frameworks */ = {
			isa = PBXGroup;
			children = (
				AA5545121FE7BD410031F846 /* libz.tbd */,
				AA55449E1FE7BBBB0031F846 /* UserNotifications.framework */,
				2ECCA599687977AA5ACEDCC1 /* libPods-QQA.a */,
			);
			name = Frameworks;
			sourceTree = "<group>";
		};
		AA13948F1FC263F50070B1E2 /* GeneralExamination */ = {
			isa = PBXGroup;
			children = (
				AA25BCD61FBEA627009B8CA0 /* IInitiatedtheExamination */,
				AABD8AD51FC81360005058BD /* ApprovalCCPendingApproval */,
				AAB4D4901FC9581600116355 /* WSDaePickerView */,
				AAB4D48D1FC9249F00116355 /* LMJDropdownMenu.h */,
				AAB4D48E1FC9249F00116355 /* LMJDropdownMenu.m */,
				AA13948C1FC263F00070B1E2 /* LeaveForExaminationAndApprovalViewController.h */,
				AA13948D1FC263F00070B1E2 /* LeaveForExaminationAndApprovalViewController.m */,
				AA1394901FC277D20070B1E2 /* RequestForInstructionViewController.h */,
				AA1394911FC277D20070B1E2 /* RequestForInstructionViewController.m */,
			);
			path = GeneralExamination;
			sourceTree = "<group>";
		};
		AA1CEC761FA9602E00050EFC = {
			isa = PBXGroup;
			children = (
				AA1CEC811FA9602E00050EFC /* QQA */,
				AA1CEC941FA9602E00050EFC /* QQATests */,
				AA1CEC9F1FA9602E00050EFC /* QQAUITests */,
				AA1CEC801FA9602E00050EFC /* Products */,
				0070CD80F4E18048FC58D7C6 /* Pods */,
				200EDB938BA67950C84FAE9A /* Frameworks */,
			);
			sourceTree = "<group>";
		};
		AA1CEC801FA9602E00050EFC /* Products */ = {
			isa = PBXGroup;
			children = (
				AA1CEC7F1FA9602E00050EFC /* QQA.app */,
				AA1CEC911FA9602E00050EFC /* QQATests.xctest */,
				AA1CEC9C1FA9602E00050EFC /* QQAUITests.xctest */,
			);
			name = Products;
			sourceTree = "<group>";
		};
		AA1CEC811FA9602E00050EFC /* QQA */ = {
			isa = PBXGroup;
			children = (
				AA5545141FE7BE160031F846 /* QQA.entitlements */,
				AA1CEC821FA9602E00050EFC /* AppDelegate.h */,
				AA1CEC831FA9602E00050EFC /* AppDelegate.m */,
				AA1CECAE1FA9606500050EFC /* sections */,
				AA1CECB21FA960D800050EFC /* resource */,
				AA7749801FEA303E0095C378 /* Assets.xcassets */,
				AA1CEC871FA9602E00050EFC /* LaunchScreen.storyboard */,
				AA1CEC8A1FA9602E00050EFC /* Info.plist */,
				AA3508111FAC444800EBA535 /* QQA_PrefixHeader.pch */,
				AA1CEC8B1FA9602E00050EFC /* main.m */,
			);
			path = QQA;
			sourceTree = "<group>";
		};
		AA1CEC941FA9602E00050EFC /* QQATests */ = {
			isa = PBXGroup;
			children = (
				AA1CEC951FA9602E00050EFC /* QQATests.m */,
				AA1CEC971FA9602E00050EFC /* Info.plist */,
			);
			path = QQATests;
			sourceTree = "<group>";
		};
		AA1CEC9F1FA9602E00050EFC /* QQAUITests */ = {
			isa = PBXGroup;
			children = (
				AA1CECA01FA9602E00050EFC /* QQAUITests.m */,
				AA1CECA21FA9602E00050EFC /* Info.plist */,
			);
			path = QQAUITests;
			sourceTree = "<group>";
		};
		AA1CECAE1FA9606500050EFC /* sections */ = {
			isa = PBXGroup;
			children = (
				AAA169F81FA98E0F00F35475 /* AppTBViewController.h */,
				AAA169F91FA98E0F00F35475 /* AppTBViewController.m */,
				AA392A541FEC94D100C1C581 /* UMFirstViewController.h */,
				AA392A551FEC94D100C1C581 /* UMFirstViewController.m */,
				AA392A511FEC947800C1C581 /* UMSecondViewController.h */,
				AA392A521FEC947800C1C581 /* UMSecondViewController.m */,
				AAF14DEC1FB2CE7300B210E1 /* General */,
				AAC4D1F91FAAAC8700183930 /* Cover */,
				AAA169F61FA98C9200F35475 /* Company */,
				AAA169F41FA98C8B00F35475 /* ExaminationApproval */,
				AAA169F51FA98C8F00F35475 /* PunchClock */,
				AAA169F71FA98C9600F35475 /* Me */,
			);
			path = sections;
			sourceTree = "<group>";
		};
		AA1CECB21FA960D800050EFC /* resource */ = {
			isa = PBXGroup;
			children = (
				AA1322561FFCD2D600A18188 /* aps_development.cer */,
				AA1CECB31FA960EF00050EFC /* youth_info */,
			);
			path = resource;
			sourceTree = "<group>";
		};
		AA1CECB31FA960EF00050EFC /* youth_info */ = {
			isa = PBXGroup;
			children = (
				AAC0B8681FF38B4B00F5D2DB /* update.png */,
				AAB0F7341FA992E400A9F684 /* about.png */,
				AAC0B8601FF226BB00F5D2DB /* rules.png */,
				AAB0F7271FA992E300A9F684 /* app_face_title.png */,
				AAB0F7221FA992E200A9F684 /* checkmark.png */,
				AAB0F72D1FA992E300A9F684 /* clockin_normal.png */,
				AAB0F7361FA992E500A9F684 /* close.png */,
				AAB0F7311FA992E400A9F684 /* cloud_storge.png */,
				AAB0F7371FA992E500A9F684 /* contact.png */,
				AA7749821FEA34280095C378 /* me_normal.png */,
				AAB0F7321FA992E400A9F684 /* cycle_button_shape.xml */,
				AAB0F72F1FA992E400A9F684 /* everyday_1.png */,
				AAB0F7381FA992E500A9F684 /* forward.png */,
				AAB0F7251FA992E300A9F684 /* home_normal.png */,
				AAB0F7231FA992E200A9F684 /* hongjinbao.jpg */,
				AAB0F7391FA992E500A9F684 /* info.png */,
				AAB0F7291FA992E300A9F684 /* key.png */,
				AAB0F71D1FA992E200A9F684 /* locker.png */,
				AAB0F71E1FA992E200A9F684 /* notify.png */,
				AAB0F72E1FA992E400A9F684 /* qrcode.png */,
				AAB0F7261FA992E300A9F684 /* red_button.png */,
				AAB0F7301FA992E400A9F684 /* rules.png */,
				AAB0F7331FA992E400A9F684 /* app_face_logo.png */,
				AAB0F7211FA992E200A9F684 /* checkmark_green.png */,
				AAB0F71F1FA992E200A9F684 /* scan_qrcode.png */,
				AAB0F7351FA992E400A9F684 /* app_face.png */,
				AAC0B85E1FF21D1A00F5D2DB /* history.png */,
				AAC0B8641FF3839B00F5D2DB /* vacation.png */,
				AAB0F72B1FA992E300A9F684 /* search.png */,
				AAB0F7241FA992E300A9F684 /* text_input_box.png */,
				AAB0F7281FA992E300A9F684 /* unlocker.png */,
				AAC0B8621FF3838900F5D2DB /* askware.png */,
				AAB0F72C1FA992E300A9F684 /* youth_info.png */,
				AAC0B8661FF383A800F5D2DB /* worksheet.jpg */,
				AA1CECB41FA960EF00050EFC /* account.png */,
			);
			path = youth_info;
			sourceTree = "<group>";
		};
		AA20C6931FD1475E0095AF0F /* CompanyNotice */ = {
			isa = PBXGroup;
			children = (
				AAB3F8BB1FC7E010001327FA /* CompanyNoticeViewController.h */,
				AAB3F8BC1FC7E010001327FA /* CompanyNoticeViewController.m */,
			);
			path = CompanyNotice;
			sourceTree = "<group>";
		};
		AA20C6941FD1477E0095AF0F /* Companyinformation */ = {
			isa = PBXGroup;
			children = (
				AA9B6AF31FD13EF400D8BC9E /* CompanyinformationAndBylawsViewController.h */,
				AA9B6AF41FD13EF400D8BC9E /* CompanyinformationAndBylawsViewController.m */,
			);
			path = Companyinformation;
			sourceTree = "<group>";
		};
		AA25BCD61FBEA627009B8CA0 /* IInitiatedtheExamination */ = {
			isa = PBXGroup;
			children = (
				AA25BCD71FBEA642009B8CA0 /* IInitiatedtheExaminationTableViewCell.h */,
				AA25BCD81FBEA642009B8CA0 /* IInitiatedtheExaminationTableViewCell.m */,
				AA25BCD31FBEA622009B8CA0 /* IInitiatedtheExaminationTableViewController.h */,
				AA25BCD41FBEA622009B8CA0 /* IInitiatedtheExaminationTableViewController.m */,
			);
			path = IInitiatedtheExamination;
			sourceTree = "<group>";
		};
		AA9B6AF61FD1461800D8BC9E /* CompanyOrganizationalStructure */ = {
			isa = PBXGroup;
			children = (
				AA20C69B1FD14E9A0095AF0F /* CompanyOrganizationalStructure.h */,
				AA20C69C1FD14E9A0095AF0F /* CompanyOrganizationalStructure.m */,
				AA20C69E1FD14EB00095AF0F /* CompanyOrganizationalStructureTableViewCell.h */,
				AA20C69F1FD14EB00095AF0F /* CompanyOrganizationalStructureTableViewCell.m */,
				AA20C6A11FD14EF60095AF0F /* CompanyOrganizationalStructureListView.h */,
				AA20C6A21FD14EF60095AF0F /* CompanyOrganizationalStructureListView.m */,
				AA20C6981FD147DF0095AF0F /* CompanyOrganizationalStructureViewController.h */,
				AA20C6991FD147DF0095AF0F /* CompanyOrganizationalStructureViewController.m */,
				AA9B6AF71FD1462E00D8BC9E /* CompanyAddressBook */,
			);
			path = CompanyOrganizationalStructure;
			sourceTree = "<group>";
		};
		AA9B6AF71FD1462E00D8BC9E /* CompanyAddressBook */ = {
			isa = PBXGroup;
			children = (
				AAD911FF1FD6955D002A42B5 /* AddressBook.h */,
				AAD912001FD6955D002A42B5 /* AddressBook.m */,
				AAD912021FD69576002A42B5 /* AddressBooKTableViewCell.h */,
				AAD912031FD69576002A42B5 /* AddressBooKTableViewCell.m */,
				AAD912051FD6959C002A42B5 /* AddressBooKListView.h */,
				AAD912061FD6959C002A42B5 /* AddressBooKListView.m */,
				AAD911FC1FD691B8002A42B5 /* CompanyAddressBookViewController.h */,
				AAD911FD1FD691B8002A42B5 /* CompanyAddressBookViewController.m */,
				AAD912081FD78058002A42B5 /* AddressBookDetailOfPeopleInformation */,
			);
			path = CompanyAddressBook;
			sourceTree = "<group>";
		};
		AA9B6AF81FD1469F00D8BC9E /* CompanyBylaws */ = {
			isa = PBXGroup;
			children = (
				AA20C6951FD147BC0095AF0F /* CompanyBylawsViewController.h */,
				AA20C6961FD147BC0095AF0F /* CompanyBylawsViewController.m */,
				AA3A75341FE50BC000F3EB25 /* RulesDetailViewController.h */,
				AA3A75351FE50BC000F3EB25 /* RulesDetailViewController.m */,
			);
			path = CompanyBylaws;
			sourceTree = "<group>";
		};
		AAA169F41FA98C8B00F35475 /* ExaminationApproval */ = {
			isa = PBXGroup;
			children = (
				AAD93D6D1FB9224500A7CC2A /* ExaminationApprovalViewController.h */,
				AAD93D6E1FB9224500A7CC2A /* ExaminationApprovalViewController.m */,
				AAD93D701FB933FF00A7CC2A /* LanchViewController.h */,
				AAD93D711FB933FF00A7CC2A /* LanchViewController.m */,
				AA13948F1FC263F50070B1E2 /* GeneralExamination */,
			);
			path = ExaminationApproval;
			sourceTree = "<group>";
		};
		AAA169F51FA98C8F00F35475 /* PunchClock */ = {
			isa = PBXGroup;
			children = (
				AAAC3D5B1FB0561F00D54265 /* PunchClockViewController.h */,
				AAAC3D5C1FB0562000D54265 /* PunchClockViewController.m */,
				AABFE6671FB56F7E000ED5C7 /* PunchRecord */,
			);
			path = PunchClock;
			sourceTree = "<group>";
		};
		AAA169F61FA98C9200F35475 /* Company */ = {
			isa = PBXGroup;
			children = (
				AAD93D731FB9372A00A7CC2A /* CompanyViewController.h */,
				AAD93D741FB9372A00A7CC2A /* CompanyViewController.m */,
				AA20C6931FD1475E0095AF0F /* CompanyNotice */,
				AA20C6941FD1477E0095AF0F /* Companyinformation */,
				AA9B6AF81FD1469F00D8BC9E /* CompanyBylaws */,
				AA9B6AF61FD1461800D8BC9E /* CompanyOrganizationalStructure */,
			);
			path = Company;
			sourceTree = "<group>";
		};
		AAA169F71FA98C9600F35475 /* Me */ = {
			isa = PBXGroup;
			children = (
				AAEF4CC21FB9615F00474C07 /* MeInformationViewController.h */,
				AAEF4CC31FB9615F00474C07 /* MeInformationViewController.m */,
				AAB675C11FBBE58E00BF696B /* MessageViewController.h */,
				AAB675C21FBBE58E00BF696B /* MessageViewController.m */,
				AA199AF71FC3F01D00BCE01A /* SendTheScopeViewController.h */,
				AA199AF81FC3F01D00BCE01A /* SendTheScopeViewController.m */,
				AAC0B85B1FF0EFA500F5D2DB /* VersionInformationViewController.h */,
				AAC0B85C1FF0EFA500F5D2DB /* VersionInformationViewController.m */,
				AAEF4CC51FB9646500474C07 /* AboutYouthViewController.h */,
				AAEF4CC61FB9646500474C07 /* AboutYouthViewController.m */,
			);
			name = Me;
			path = "New Group5";
			sourceTree = "<group>";
		};
		AAB4D4901FC9581600116355 /* WSDaePickerView */ = {
			isa = PBXGroup;
			children = (
				AAB4D49A1FC95D1600116355 /* WSDatePickerView.h */,
				AAB4D4981FC95D1600116355 /* WSDatePickerView.m */,
				AAB4D4991FC95D1600116355 /* WSDatePickerView.xib */,
				AAB4D4921FC959F600116355 /* UIView+Extension.h */,
				AAB4D4931FC959F600116355 /* UIView+Extension.m */,
				AAB4D4951FC95A9300116355 /* NSDate+Extension.h */,
				AAB4D4961FC95A9300116355 /* NSDate+Extension.m */,
			);
			path = WSDaePickerView;
			sourceTree = "<group>";
		};
		AABD8AD51FC81360005058BD /* ApprovalCCPendingApproval */ = {
			isa = PBXGroup;
			children = (
				AABD8AD91FC8150E005058BD /* ACPApprovalListView.h */,
				AABD8ADA1FC8150E005058BD /* ACPApprovalListView.m */,
				AABD8AD61FC814C1005058BD /* ACPApproval.h */,
				AABD8AD71FC814C1005058BD /* ACPApproval.m */,
				AABD8ADC1FC81524005058BD /* ACPApprovalTableViewCell.h */,
				AABD8ADD1FC81524005058BD /* ACPApprovalTableViewCell.m */,
				AAEEEA4A1FCF9CBA0012A695 /* Request.h */,
				AAEEEA4B1FCF9CBA0012A695 /* Request.m */,
				AAEEEA4D1FCF9CD50012A695 /* RequestTableViewCell.h */,
				AAEEEA4E1FCF9CD50012A695 /* RequestTableViewCell.m */,
				AABD8ADF1FC81598005058BD /* ACPApprovelViewController.h */,
				AABD8AE01FC81598005058BD /* ACPApprovelViewController.m */,
				AADAAA2B1FCD358900A4FC5D /* RequestAndLeaveDetails */,
				AAEEEA501FCFE5130012A695 /* RequestLeaveDetailViewController.h */,
				AAEEEA511FCFE5130012A695 /* RequestLeaveDetailViewController.m */,
			);
			path = ApprovalCCPendingApproval;
			sourceTree = "<group>";
		};
		AABFE6671FB56F7E000ED5C7 /* PunchRecord */ = {
			isa = PBXGroup;
			children = (
				AABFE6681FB56F7E000ED5C7 /* PunchRecordViewController.h */,
				AABFE6691FB56F7E000ED5C7 /* PunchRecordViewController.m */,
			);
			path = PunchRecord;
			sourceTree = "<group>";
		};
		AAC4D1F91FAAAC8700183930 /* Cover */ = {
			isa = PBXGroup;
			children = (
				AAC4D1F61FAAA11900183930 /* AppCoverViewController.h */,
				AAC4D1F71FAAA11900183930 /* AppCoverViewController.m */,
			);
			path = Cover;
			sourceTree = "<group>";
		};
		AAD912081FD78058002A42B5 /* AddressBookDetailOfPeopleInformation */ = {
			isa = PBXGroup;
			children = (
				AAD912091FD780A4002A42B5 /* DetailOfPeopleINformationViewController.h */,
				AAD9120A1FD780A4002A42B5 /* DetailOfPeopleINformationViewController.m */,
			);
			path = AddressBookDetailOfPeopleInformation;
			sourceTree = "<group>";
		};
		AADAAA2B1FCD358900A4FC5D /* RequestAndLeaveDetails */ = {
			isa = PBXGroup;
			children = (
				AADAAA2C1FCD364100A4FC5D /* RequestAndLeaveDetailsViewController.h */,
				AADAAA2D1FCD364100A4FC5D /* RequestAndLeaveDetailsViewController.m */,
			);
			path = RequestAndLeaveDetails;
			sourceTree = "<group>";
		};
		AAF14DEC1FB2CE7300B210E1 /* General */ = {
			isa = PBXGroup;
			children = (
				AA2CED6F1FAAFF0900433BFA /* ScanImageViewController.h */,
				AA2CED6E1FAAFF0800433BFA /* ScanImageViewController.m */,
			);
			name = General;
			path = "New Group2";
			sourceTree = "<group>";
		};
/* End PBXGroup section */

/* Begin PBXNativeTarget section */
		AA1CEC7E1FA9602E00050EFC /* QQA */ = {
			isa = PBXNativeTarget;
			buildConfigurationList = AA1CECA51FA9602E00050EFC /* Build configuration list for PBXNativeTarget "QQA" */;
			buildPhases = (
				5658D15D4051E2CF76A92525 /* [CP] Check Pods Manifest.lock */,
				AA1CEC7B1FA9602E00050EFC /* Sources */,
				AA1CEC7C1FA9602E00050EFC /* Frameworks */,
				AA1CEC7D1FA9602E00050EFC /* Resources */,
				493A8CE50D2FEF38AC4F9B8B /* [CP] Embed Pods Frameworks */,
				F4691730B17E0D8E024790B5 /* [CP] Copy Pods Resources */,
			);
			buildRules = (
			);
			dependencies = (
			);
			name = QQA;
			productName = QQA;
			productReference = AA1CEC7F1FA9602E00050EFC /* QQA.app */;
			productType = "com.apple.product-type.application";
		};
		AA1CEC901FA9602E00050EFC /* QQATests */ = {
			isa = PBXNativeTarget;
			buildConfigurationList = AA1CECA81FA9602E00050EFC /* Build configuration list for PBXNativeTarget "QQATests" */;
			buildPhases = (
				AA1CEC8D1FA9602E00050EFC /* Sources */,
				AA1CEC8E1FA9602E00050EFC /* Frameworks */,
				AA1CEC8F1FA9602E00050EFC /* Resources */,
			);
			buildRules = (
			);
			dependencies = (
				AA1CEC931FA9602E00050EFC /* PBXTargetDependency */,
			);
			name = QQATests;
			productName = QQATests;
			productReference = AA1CEC911FA9602E00050EFC /* QQATests.xctest */;
			productType = "com.apple.product-type.bundle.unit-test";
		};
		AA1CEC9B1FA9602E00050EFC /* QQAUITests */ = {
			isa = PBXNativeTarget;
			buildConfigurationList = AA1CECAB1FA9602E00050EFC /* Build configuration list for PBXNativeTarget "QQAUITests" */;
			buildPhases = (
				AA1CEC981FA9602E00050EFC /* Sources */,
				AA1CEC991FA9602E00050EFC /* Frameworks */,
				AA1CEC9A1FA9602E00050EFC /* Resources */,
			);
			buildRules = (
			);
			dependencies = (
				AA1CEC9E1FA9602E00050EFC /* PBXTargetDependency */,
			);
			name = QQAUITests;
			productName = QQAUITests;
			productReference = AA1CEC9C1FA9602E00050EFC /* QQAUITests.xctest */;
			productType = "com.apple.product-type.bundle.ui-testing";
		};
/* End PBXNativeTarget section */

/* Begin PBXProject section */
		AA1CEC771FA9602E00050EFC /* Project object */ = {
			isa = PBXProject;
			attributes = {
				LastUpgradeCheck = 0900;
				ORGANIZATIONNAME = youth_huiming;
				TargetAttributes = {
					AA1CEC7E1FA9602E00050EFC = {
						CreatedOnToolsVersion = 9.0;
						ProvisioningStyle = Manual;
						SystemCapabilities = {
							com.apple.Push = {
								enabled = 1;
							};
						};
					};
					AA1CEC901FA9602E00050EFC = {
						CreatedOnToolsVersion = 9.0;
						ProvisioningStyle = Automatic;
						TestTargetID = AA1CEC7E1FA9602E00050EFC;
					};
					AA1CEC9B1FA9602E00050EFC = {
						CreatedOnToolsVersion = 9.0;
						ProvisioningStyle = Automatic;
						TestTargetID = AA1CEC7E1FA9602E00050EFC;
					};
				};
			};
			buildConfigurationList = AA1CEC7A1FA9602E00050EFC /* Build configuration list for PBXProject "QQA" */;
			compatibilityVersion = "Xcode 8.0";
			developmentRegion = en;
			hasScannedForEncodings = 0;
			knownRegions = (
				en,
				Base,
			);
			mainGroup = AA1CEC761FA9602E00050EFC;
			productRefGroup = AA1CEC801FA9602E00050EFC /* Products */;
			projectDirPath = "";
			projectRoot = "";
			targets = (
				AA1CEC7E1FA9602E00050EFC /* QQA */,
				AA1CEC901FA9602E00050EFC /* QQATests */,
				AA1CEC9B1FA9602E00050EFC /* QQAUITests */,
			);
		};
/* End PBXProject section */

/* Begin PBXResourcesBuildPhase section */
		AA1CEC7D1FA9602E00050EFC /* Resources */ = {
			isa = PBXResourcesBuildPhase;
			buildActionMask = 2147483647;
			files = (
				AAC0B8631FF3838900F5D2DB /* askware.png in Resources */,
				AA1322571FFCD2D600A18188 /* aps_development.cer in Resources */,
				AAC0B8611FF226BB00F5D2DB /* rules.png in Resources */,
				AAC0B8671FF383A800F5D2DB /* worksheet.jpg in Resources */,
				AAC0B85F1FF21D1A00F5D2DB /* history.png in Resources */,
				AA7749831FEA34280095C378 /* me_normal.png in Resources */,
				AAB4D49C1FC95D1700116355 /* WSDatePickerView.xib in Resources */,
				AA1CEC891FA9602E00050EFC /* LaunchScreen.storyboard in Resources */,
				AAC0B8691FF38B4B00F5D2DB /* update.png in Resources */,
				AAC0B8651FF3839B00F5D2DB /* vacation.png in Resources */,
				AA7749811FEA303E0095C378 /* Assets.xcassets in Resources */,
			);
			runOnlyForDeploymentPostprocessing = 0;
		};
		AA1CEC8F1FA9602E00050EFC /* Resources */ = {
			isa = PBXResourcesBuildPhase;
			buildActionMask = 2147483647;
			files = (
			);
			runOnlyForDeploymentPostprocessing = 0;
		};
		AA1CEC9A1FA9602E00050EFC /* Resources */ = {
			isa = PBXResourcesBuildPhase;
			buildActionMask = 2147483647;
			files = (
			);
			runOnlyForDeploymentPostprocessing = 0;
		};
/* End PBXResourcesBuildPhase section */

/* Begin PBXShellScriptBuildPhase section */
		493A8CE50D2FEF38AC4F9B8B /* [CP] Embed Pods Frameworks */ = {
			isa = PBXShellScriptBuildPhase;
			buildActionMask = 2147483647;
			files = (
			);
			inputPaths = (
			);
			name = "[CP] Embed Pods Frameworks";
			outputPaths = (
			);
			runOnlyForDeploymentPostprocessing = 0;
			shellPath = /bin/sh;
			shellScript = "\"${SRCROOT}/Pods/Target Support Files/Pods-QQA/Pods-QQA-frameworks.sh\"\n";
			showEnvVarsInLog = 0;
		};
		5658D15D4051E2CF76A92525 /* [CP] Check Pods Manifest.lock */ = {
			isa = PBXShellScriptBuildPhase;
			buildActionMask = 2147483647;
			files = (
			);
			inputPaths = (
				"${PODS_PODFILE_DIR_PATH}/Podfile.lock",
				"${PODS_ROOT}/Manifest.lock",
			);
			name = "[CP] Check Pods Manifest.lock";
			outputPaths = (
				"$(DERIVED_FILE_DIR)/Pods-QQA-checkManifestLockResult.txt",
			);
			runOnlyForDeploymentPostprocessing = 0;
			shellPath = /bin/sh;
			shellScript = "diff \"${PODS_PODFILE_DIR_PATH}/Podfile.lock\" \"${PODS_ROOT}/Manifest.lock\" > /dev/null\nif [ $? != 0 ] ; then\n    # print error to STDERR\n    echo \"error: The sandbox is not in sync with the Podfile.lock. Run 'pod install' or update your CocoaPods installation.\" >&2\n    exit 1\nfi\n# This output is used by Xcode 'outputs' to avoid re-running this script phase.\necho \"SUCCESS\" > \"${SCRIPT_OUTPUT_FILE_0}\"\n";
			showEnvVarsInLog = 0;
		};
		F4691730B17E0D8E024790B5 /* [CP] Copy Pods Resources */ = {
			isa = PBXShellScriptBuildPhase;
			buildActionMask = 2147483647;
			files = (
			);
			inputPaths = (
				"${SRCROOT}/Pods/Target Support Files/Pods-QQA/Pods-QQA-resources.sh",
				"${PODS_ROOT}/MJRefresh/MJRefresh/MJRefresh.bundle",
			);
			name = "[CP] Copy Pods Resources";
			outputPaths = (
				"${TARGET_BUILD_DIR}/${UNLOCALIZED_RESOURCES_FOLDER_PATH}",
			);
			runOnlyForDeploymentPostprocessing = 0;
			shellPath = /bin/sh;
			shellScript = "\"${SRCROOT}/Pods/Target Support Files/Pods-QQA/Pods-QQA-resources.sh\"\n";
			showEnvVarsInLog = 0;
		};
/* End PBXShellScriptBuildPhase section */

/* Begin PBXSourcesBuildPhase section */
		AA1CEC7B1FA9602E00050EFC /* Sources */ = {
			isa = PBXSourcesBuildPhase;
			buildActionMask = 2147483647;
			files = (
				AA20C69D1FD14E9A0095AF0F /* CompanyOrganizationalStructure.m in Sources */,
				AAB4D4941FC959F600116355 /* UIView+Extension.m in Sources */,
				AA1394921FC277D20070B1E2 /* RequestForInstructionViewController.m in Sources */,
				AAD93D751FB9372A00A7CC2A /* CompanyViewController.m in Sources */,
				AA392A531FEC947800C1C581 /* UMSecondViewController.m in Sources */,
				AAD9120B1FD780A4002A42B5 /* DetailOfPeopleINformationViewController.m in Sources */,
				AAC0B85D1FF0EFA500F5D2DB /* VersionInformationViewController.m in Sources */,
				AABD8AD81FC814C1005058BD /* ACPApproval.m in Sources */,
				AA199AF91FC3F01D00BCE01A /* SendTheScopeViewController.m in Sources */,
				AAEEEA521FCFE5130012A695 /* RequestLeaveDetailViewController.m in Sources */,
				AAB4D48F1FC9249F00116355 /* LMJDropdownMenu.m in Sources */,
				AA9B6AF51FD13EF400D8BC9E /* CompanyinformationAndBylawsViewController.m in Sources */,
				AAD912041FD69576002A42B5 /* AddressBooKTableViewCell.m in Sources */,
				AAC4D1F81FAAA11900183930 /* AppCoverViewController.m in Sources */,
				AAB675C31FBBE58E00BF696B /* MessageViewController.m in Sources */,
				AAB4D4971FC95A9300116355 /* NSDate+Extension.m in Sources */,
				AA392A561FEC94D100C1C581 /* UMFirstViewController.m in Sources */,
				AADAAA2E1FCD364100A4FC5D /* RequestAndLeaveDetailsViewController.m in Sources */,
				AA20C6A01FD14EB00095AF0F /* CompanyOrganizationalStructureTableViewCell.m in Sources */,
				AAD911FE1FD691B8002A42B5 /* CompanyAddressBookViewController.m in Sources */,
				AA20C6971FD147BC0095AF0F /* CompanyBylawsViewController.m in Sources */,
				AABFE66A1FB56F7F000ED5C7 /* PunchRecordViewController.m in Sources */,
				AAB3F8BD1FC7E010001327FA /* CompanyNoticeViewController.m in Sources */,
				AABD8AE11FC81598005058BD /* ACPApprovelViewController.m in Sources */,
				AAB4D49B1FC95D1700116355 /* WSDatePickerView.m in Sources */,
				AA20C6A31FD14EF60095AF0F /* CompanyOrganizationalStructureListView.m in Sources */,
				AAD912011FD6955D002A42B5 /* AddressBook.m in Sources */,
				AAEEEA4C1FCF9CBA0012A695 /* Request.m in Sources */,
				AA25BCD91FBEA642009B8CA0 /* IInitiatedtheExaminationTableViewCell.m in Sources */,
				AAAC3D601FB0562000D54265 /* PunchClockViewController.m in Sources */,
				AAD93D6F1FB9224500A7CC2A /* ExaminationApprovalViewController.m in Sources */,
				AAD93D721FB933FF00A7CC2A /* LanchViewController.m in Sources */,
				AAD912071FD6959C002A42B5 /* AddressBooKListView.m in Sources */,
				AA25BCD51FBEA622009B8CA0 /* IInitiatedtheExaminationTableViewController.m in Sources */,
				AABD8ADB1FC8150E005058BD /* ACPApprovalListView.m in Sources */,
				AAEF4CC41FB9615F00474C07 /* MeInformationViewController.m in Sources */,
				AA2CED701FAAFF0900433BFA /* ScanImageViewController.m in Sources */,
				AA1CEC8C1FA9602E00050EFC /* main.m in Sources */,
				AAA169FA1FA98E0F00F35475 /* AppTBViewController.m in Sources */,
				AA20C69A1FD147DF0095AF0F /* CompanyOrganizationalStructureViewController.m in Sources */,
				AAEEEA4F1FCF9CD50012A695 /* RequestTableViewCell.m in Sources */,
				AA3A75361FE50BC000F3EB25 /* RulesDetailViewController.m in Sources */,
				AA13948E1FC263F00070B1E2 /* LeaveForExaminationAndApprovalViewController.m in Sources */,
				AAEF4CC71FB9646500474C07 /* AboutYouthViewController.m in Sources */,
				AA1CEC841FA9602E00050EFC /* AppDelegate.m in Sources */,
				AABD8ADE1FC81524005058BD /* ACPApprovalTableViewCell.m in Sources */,
			);
			runOnlyForDeploymentPostprocessing = 0;
		};
		AA1CEC8D1FA9602E00050EFC /* Sources */ = {
			isa = PBXSourcesBuildPhase;
			buildActionMask = 2147483647;
			files = (
				AA1CEC961FA9602E00050EFC /* QQATests.m in Sources */,
			);
			runOnlyForDeploymentPostprocessing = 0;
		};
		AA1CEC981FA9602E00050EFC /* Sources */ = {
			isa = PBXSourcesBuildPhase;
			buildActionMask = 2147483647;
			files = (
				AA1CECA11FA9602E00050EFC /* QQAUITests.m in Sources */,
			);
			runOnlyForDeploymentPostprocessing = 0;
		};
/* End PBXSourcesBuildPhase section */

/* Begin PBXTargetDependency section */
		AA1CEC931FA9602E00050EFC /* PBXTargetDependency */ = {
			isa = PBXTargetDependency;
			target = AA1CEC7E1FA9602E00050EFC /* QQA */;
			targetProxy = AA1CEC921FA9602E00050EFC /* PBXContainerItemProxy */;
		};
		AA1CEC9E1FA9602E00050EFC /* PBXTargetDependency */ = {
			isa = PBXTargetDependency;
			target = AA1CEC7E1FA9602E00050EFC /* QQA */;
			targetProxy = AA1CEC9D1FA9602E00050EFC /* PBXContainerItemProxy */;
		};
/* End PBXTargetDependency section */

/* Begin PBXVariantGroup section */
		AA1CEC871FA9602E00050EFC /* LaunchScreen.storyboard */ = {
			isa = PBXVariantGroup;
			children = (
				AA1CEC881FA9602E00050EFC /* Base */,
			);
			name = LaunchScreen.storyboard;
			sourceTree = "<group>";
		};
/* End PBXVariantGroup section */

/* Begin XCBuildConfiguration section */
		AA1CECA31FA9602E00050EFC /* Debug */ = {
			isa = XCBuildConfiguration;
			buildSettings = {
				ALWAYS_SEARCH_USER_PATHS = NO;
				CLANG_ANALYZER_NONNULL = YES;
				CLANG_ANALYZER_NUMBER_OBJECT_CONVERSION = YES_AGGRESSIVE;
				CLANG_CXX_LANGUAGE_STANDARD = "gnu++14";
				CLANG_CXX_LIBRARY = "libc++";
				CLANG_ENABLE_MODULES = YES;
				CLANG_ENABLE_OBJC_ARC = YES;
				CLANG_WARN_BLOCK_CAPTURE_AUTORELEASING = YES;
				CLANG_WARN_BOOL_CONVERSION = YES;
				CLANG_WARN_COMMA = YES;
				CLANG_WARN_CONSTANT_CONVERSION = YES;
				CLANG_WARN_DIRECT_OBJC_ISA_USAGE = YES_ERROR;
				CLANG_WARN_DOCUMENTATION_COMMENTS = YES;
				CLANG_WARN_EMPTY_BODY = YES;
				CLANG_WARN_ENUM_CONVERSION = YES;
				CLANG_WARN_INFINITE_RECURSION = YES;
				CLANG_WARN_INT_CONVERSION = YES;
				CLANG_WARN_NON_LITERAL_NULL_CONVERSION = YES;
				CLANG_WARN_OBJC_LITERAL_CONVERSION = YES;
				CLANG_WARN_OBJC_ROOT_CLASS = YES_ERROR;
				CLANG_WARN_RANGE_LOOP_ANALYSIS = YES;
				CLANG_WARN_STRICT_PROTOTYPES = YES;
				CLANG_WARN_SUSPICIOUS_MOVE = YES;
				CLANG_WARN_UNGUARDED_AVAILABILITY = YES_AGGRESSIVE;
				CLANG_WARN_UNREACHABLE_CODE = YES;
				CLANG_WARN__DUPLICATE_METHOD_MATCH = YES;
				CODE_SIGN_IDENTITY = "iPhone Developer";
				COPY_PHASE_STRIP = NO;
				DEBUG_INFORMATION_FORMAT = dwarf;
				ENABLE_STRICT_OBJC_MSGSEND = YES;
				ENABLE_TESTABILITY = YES;
				GCC_C_LANGUAGE_STANDARD = gnu11;
				GCC_DYNAMIC_NO_PIC = NO;
				GCC_NO_COMMON_BLOCKS = YES;
				GCC_OPTIMIZATION_LEVEL = 0;
				GCC_PREPROCESSOR_DEFINITIONS = (
					"DEBUG=1",
					"$(inherited)",
				);
				GCC_WARN_64_TO_32_BIT_CONVERSION = YES;
				GCC_WARN_ABOUT_RETURN_TYPE = YES_ERROR;
				GCC_WARN_UNDECLARED_SELECTOR = YES;
				GCC_WARN_UNINITIALIZED_AUTOS = YES_AGGRESSIVE;
				GCC_WARN_UNUSED_FUNCTION = YES;
				GCC_WARN_UNUSED_VARIABLE = YES;
				IPHONEOS_DEPLOYMENT_TARGET = 11.0;
				MTL_ENABLE_DEBUG_INFO = YES;
				ONLY_ACTIVE_ARCH = YES;
				SDKROOT = iphoneos;
			};
			name = Debug;
		};
		AA1CECA41FA9602E00050EFC /* Release */ = {
			isa = XCBuildConfiguration;
			buildSettings = {
				ALWAYS_SEARCH_USER_PATHS = NO;
				CLANG_ANALYZER_NONNULL = YES;
				CLANG_ANALYZER_NUMBER_OBJECT_CONVERSION = YES_AGGRESSIVE;
				CLANG_CXX_LANGUAGE_STANDARD = "gnu++14";
				CLANG_CXX_LIBRARY = "libc++";
				CLANG_ENABLE_MODULES = YES;
				CLANG_ENABLE_OBJC_ARC = YES;
				CLANG_WARN_BLOCK_CAPTURE_AUTORELEASING = YES;
				CLANG_WARN_BOOL_CONVERSION = YES;
				CLANG_WARN_COMMA = YES;
				CLANG_WARN_CONSTANT_CONVERSION = YES;
				CLANG_WARN_DIRECT_OBJC_ISA_USAGE = YES_ERROR;
				CLANG_WARN_DOCUMENTATION_COMMENTS = YES;
				CLANG_WARN_EMPTY_BODY = YES;
				CLANG_WARN_ENUM_CONVERSION = YES;
				CLANG_WARN_INFINITE_RECURSION = YES;
				CLANG_WARN_INT_CONVERSION = YES;
				CLANG_WARN_NON_LITERAL_NULL_CONVERSION = YES;
				CLANG_WARN_OBJC_LITERAL_CONVERSION = YES;
				CLANG_WARN_OBJC_ROOT_CLASS = YES_ERROR;
				CLANG_WARN_RANGE_LOOP_ANALYSIS = YES;
				CLANG_WARN_STRICT_PROTOTYPES = YES;
				CLANG_WARN_SUSPICIOUS_MOVE = YES;
				CLANG_WARN_UNGUARDED_AVAILABILITY = YES_AGGRESSIVE;
				CLANG_WARN_UNREACHABLE_CODE = YES;
				CLANG_WARN__DUPLICATE_METHOD_MATCH = YES;
				CODE_SIGN_IDENTITY = "iPhone Developer";
				COPY_PHASE_STRIP = NO;
				DEBUG_INFORMATION_FORMAT = "dwarf-with-dsym";
				ENABLE_NS_ASSERTIONS = NO;
				ENABLE_STRICT_OBJC_MSGSEND = YES;
				GCC_C_LANGUAGE_STANDARD = gnu11;
				GCC_NO_COMMON_BLOCKS = YES;
				GCC_WARN_64_TO_32_BIT_CONVERSION = YES;
				GCC_WARN_ABOUT_RETURN_TYPE = YES_ERROR;
				GCC_WARN_UNDECLARED_SELECTOR = YES;
				GCC_WARN_UNINITIALIZED_AUTOS = YES_AGGRESSIVE;
				GCC_WARN_UNUSED_FUNCTION = YES;
				GCC_WARN_UNUSED_VARIABLE = YES;
				IPHONEOS_DEPLOYMENT_TARGET = 11.0;
				MTL_ENABLE_DEBUG_INFO = NO;
				SDKROOT = iphoneos;
				VALIDATE_PRODUCT = YES;
			};
			name = Release;
		};
		AA1CECA61FA9602E00050EFC /* Debug */ = {
			isa = XCBuildConfiguration;
			baseConfigurationReference = CE70EE0C5B008995EA81DF25 /* Pods-QQA.debug.xcconfig */;
			buildSettings = {
				ASSETCATALOG_COMPILER_APPICON_NAME = AppIcon;
				CODE_SIGN_ENTITLEMENTS = QQA/QQA.entitlements;
				CODE_SIGN_IDENTITY = "iPhone Distribution: China Youth Network New Media (Beijing) Co., Ltd.";
				"CODE_SIGN_IDENTITY[sdk=iphoneos*]" = "iPhone Developer";
				CODE_SIGN_STYLE = Manual;
				DEVELOPMENT_TEAM = VDRV8NWW2J;
				GCC_PREFIX_HEADER = "$(SRCROOT)/QQA/QQA_PrefixHeader.pch";
				INFOPLIST_FILE = QQA/Info.plist;
				IPHONEOS_DEPLOYMENT_TARGET = 9.0;
				LD_RUNPATH_SEARCH_PATHS = "$(inherited) @executable_path/Frameworks";
				LIBRARY_SEARCH_PATHS = (
					"$(inherited)",
					"$(PROJECT_DIR)/QQA/sections/Cover/UMessage_Sdk_1.5.0",
					"$(PROJECT_DIR)/QQA/sections/New\\ Group2/UMessage_Sdk_1.5.0",
				);
				PRODUCT_BUNDLE_IDENTIFIER = com.ChinaYouthNetwork.QQA;
				PRODUCT_NAME = "$(TARGET_NAME)";
				PROVISIONING_PROFILE = "b0f67a4d-457e-4477-8f58-354fe943b338";
				PROVISIONING_PROFILE_SPECIFIER = DevelopmentProfileName;
				TARGETED_DEVICE_FAMILY = 1;
			};
			name = Debug;
		};
		AA1CECA71FA9602E00050EFC /* Release */ = {
			isa = XCBuildConfiguration;
			baseConfigurationReference = 5EB9B0173C989AA3F3E802A8 /* Pods-QQA.release.xcconfig */;
			buildSettings = {
				ASSETCATALOG_COMPILER_APPICON_NAME = AppIcon;
				CODE_SIGN_ENTITLEMENTS = QQA/QQA.entitlements;
				CODE_SIGN_IDENTITY = "iPhone Distribution: China Youth Network New Media (Beijing) Co., Ltd.";
				"CODE_SIGN_IDENTITY[sdk=iphoneos*]" = "iPhone Developer";
				CODE_SIGN_STYLE = Manual;
				DEVELOPMENT_TEAM = VDRV8NWW2J;
				GCC_PREFIX_HEADER = "$(SRCROOT)/QQA/QQA_PrefixHeader.pch";
				INFOPLIST_FILE = QQA/Info.plist;
				IPHONEOS_DEPLOYMENT_TARGET = 9.0;
				LD_RUNPATH_SEARCH_PATHS = "$(inherited) @executable_path/Frameworks";
				LIBRARY_SEARCH_PATHS = (
					"$(inherited)",
					"$(PROJECT_DIR)/QQA/sections/Cover/UMessage_Sdk_1.5.0",
					"$(PROJECT_DIR)/QQA/sections/New\\ Group2/UMessage_Sdk_1.5.0",
				);
				PRODUCT_BUNDLE_IDENTIFIER = com.ChinaYouthNetwork.QQA;
				PRODUCT_NAME = "$(TARGET_NAME)";
				PROVISIONING_PROFILE = "b0f67a4d-457e-4477-8f58-354fe943b338";
				PROVISIONING_PROFILE_SPECIFIER = DevelopmentProfileName;
				TARGETED_DEVICE_FAMILY = 1;
			};
			name = Release;
		};
		AA1CECA91FA9602E00050EFC /* Debug */ = {
			isa = XCBuildConfiguration;
			buildSettings = {
				BUNDLE_LOADER = "$(TEST_HOST)";
				CODE_SIGN_STYLE = Automatic;
				DEVELOPMENT_TEAM = YH3256X757;
				INFOPLIST_FILE = QQATests/Info.plist;
				LD_RUNPATH_SEARCH_PATHS = "$(inherited) @executable_path/Frameworks @loader_path/Frameworks";
				PRODUCT_BUNDLE_IDENTIFIER = CHAOS.QQATests;
				PRODUCT_NAME = "$(TARGET_NAME)";
				TARGETED_DEVICE_FAMILY = "1,2";
				TEST_HOST = "$(BUILT_PRODUCTS_DIR)/QQA.app/QQA";
			};
			name = Debug;
		};
		AA1CECAA1FA9602E00050EFC /* Release */ = {
			isa = XCBuildConfiguration;
			buildSettings = {
				BUNDLE_LOADER = "$(TEST_HOST)";
				CODE_SIGN_STYLE = Automatic;
				DEVELOPMENT_TEAM = YH3256X757;
				INFOPLIST_FILE = QQATests/Info.plist;
				LD_RUNPATH_SEARCH_PATHS = "$(inherited) @executable_path/Frameworks @loader_path/Frameworks";
				PRODUCT_BUNDLE_IDENTIFIER = CHAOS.QQATests;
				PRODUCT_NAME = "$(TARGET_NAME)";
				TARGETED_DEVICE_FAMILY = "1,2";
				TEST_HOST = "$(BUILT_PRODUCTS_DIR)/QQA.app/QQA";
			};
			name = Release;
		};
		AA1CECAC1FA9602E00050EFC /* Debug */ = {
			isa = XCBuildConfiguration;
			buildSettings = {
				CODE_SIGN_STYLE = Automatic;
				DEVELOPMENT_TEAM = YH3256X757;
				INFOPLIST_FILE = QQAUITests/Info.plist;
				LD_RUNPATH_SEARCH_PATHS = "$(inherited) @executable_path/Frameworks @loader_path/Frameworks";
				PRODUCT_BUNDLE_IDENTIFIER = CHAOS.QQAUITests;
				PRODUCT_NAME = "$(TARGET_NAME)";
				TARGETED_DEVICE_FAMILY = "1,2";
				TEST_TARGET_NAME = QQA;
			};
			name = Debug;
		};
		AA1CECAD1FA9602E00050EFC /* Release */ = {
			isa = XCBuildConfiguration;
			buildSettings = {
				CODE_SIGN_STYLE = Automatic;
				DEVELOPMENT_TEAM = YH3256X757;
				INFOPLIST_FILE = QQAUITests/Info.plist;
				LD_RUNPATH_SEARCH_PATHS = "$(inherited) @executable_path/Frameworks @loader_path/Frameworks";
				PRODUCT_BUNDLE_IDENTIFIER = CHAOS.QQAUITests;
				PRODUCT_NAME = "$(TARGET_NAME)";
				TARGETED_DEVICE_FAMILY = "1,2";
				TEST_TARGET_NAME = QQA;
			};
			name = Release;
		};
/* End XCBuildConfiguration section */

/* Begin XCConfigurationList section */
		AA1CEC7A1FA9602E00050EFC /* Build configuration list for PBXProject "QQA" */ = {
			isa = XCConfigurationList;
			buildConfigurations = (
				AA1CECA31FA9602E00050EFC /* Debug */,
				AA1CECA41FA9602E00050EFC /* Release */,
			);
			defaultConfigurationIsVisible = 0;
			defaultConfigurationName = Release;
		};
		AA1CECA51FA9602E00050EFC /* Build configuration list for PBXNativeTarget "QQA" */ = {
			isa = XCConfigurationList;
			buildConfigurations = (
				AA1CECA61FA9602E00050EFC /* Debug */,
				AA1CECA71FA9602E00050EFC /* Release */,
			);
			defaultConfigurationIsVisible = 0;
			defaultConfigurationName = Release;
		};
		AA1CECA81FA9602E00050EFC /* Build configuration list for PBXNativeTarget "QQATests" */ = {
			isa = XCConfigurationList;
			buildConfigurations = (
				AA1CECA91FA9602E00050EFC /* Debug */,
				AA1CECAA1FA9602E00050EFC /* Release */,
			);
			defaultConfigurationIsVisible = 0;
			defaultConfigurationName = Release;
		};
		AA1CECAB1FA9602E00050EFC /* Build configuration list for PBXNativeTarget "QQAUITests" */ = {
			isa = XCConfigurationList;
			buildConfigurations = (
				AA1CECAC1FA9602E00050EFC /* Debug */,
				AA1CECAD1FA9602E00050EFC /* Release */,
			);
			defaultConfigurationIsVisible = 0;
			defaultConfigurationName = Release;
		};
/* End XCConfigurationList section */
	};
	rootObject = AA1CEC771FA9602E00050EFC /* Project object */;
}
