// !$*UTF8*$!
{
	archiveVersion = 1;
	classes = {
	};
	objectVersion = 48;
	objects = {

/* Begin PBXBuildFile section */
		466E2A145386609065AEE56E /* libPods-QQA.a in Frameworks */ = {isa = PBXBuildFile; fileRef = 2ECCA599687977AA5ACEDCC1 /* libPods-QQA.a */; };
		AA1CEC841FA9602E00050EFC /* AppDelegate.m in Sources */ = {isa = PBXBuildFile; fileRef = AA1CEC831FA9602E00050EFC /* AppDelegate.m */; };
		AA1CEC861FA9602E00050EFC /* Assets.xcassets in Resources */ = {isa = PBXBuildFile; fileRef = AA1CEC851FA9602E00050EFC /* Assets.xcassets */; };
		AA1CEC891FA9602E00050EFC /* LaunchScreen.storyboard in Resources */ = {isa = PBXBuildFile; fileRef = AA1CEC871FA9602E00050EFC /* LaunchScreen.storyboard */; };
		AA1CEC8C1FA9602E00050EFC /* main.m in Sources */ = {isa = PBXBuildFile; fileRef = AA1CEC8B1FA9602E00050EFC /* main.m */; };
		AA1CEC961FA9602E00050EFC /* QQATests.m in Sources */ = {isa = PBXBuildFile; fileRef = AA1CEC951FA9602E00050EFC /* QQATests.m */; };
		AA1CECA11FA9602E00050EFC /* QQAUITests.m in Sources */ = {isa = PBXBuildFile; fileRef = AA1CECA01FA9602E00050EFC /* QQAUITests.m */; };
		AA1CECB11FA9607900050EFC /* MeViewController.m in Sources */ = {isa = PBXBuildFile; fileRef = AA1CECB01FA9607900050EFC /* MeViewController.m */; };
		AA2CED701FAAFF0900433BFA /* ScanImageViewController.m in Sources */ = {isa = PBXBuildFile; fileRef = AA2CED6E1FAAFF0800433BFA /* ScanImageViewController.m */; };
		AAA169FA1FA98E0F00F35475 /* AppTBViewController.m in Sources */ = {isa = PBXBuildFile; fileRef = AAA169F91FA98E0F00F35475 /* AppTBViewController.m */; };
		AAB0F73C1FA9945E00A9F684 /* PunchClockViewController.m in Sources */ = {isa = PBXBuildFile; fileRef = AAB0F73B1FA9945E00A9F684 /* PunchClockViewController.m */; };
		AAC4D1F81FAAA11900183930 /* AppCoverViewController.m in Sources */ = {isa = PBXBuildFile; fileRef = AAC4D1F71FAAA11900183930 /* AppCoverViewController.m */; };
/* End PBXBuildFile section */

/* Begin PBXContainerItemProxy section */
		AA1CEC921FA9602E00050EFC /* PBXContainerItemProxy */ = {
			isa = PBXContainerItemProxy;
			containerPortal = AA1CEC771FA9602E00050EFC /* Project object */;
			proxyType = 1;
			remoteGlobalIDString = AA1CEC7E1FA9602E00050EFC;
			remoteInfo = QQA;
		};
		AA1CEC9D1FA9602E00050EFC /* PBXContainerItemProxy */ = {
			isa = PBXContainerItemProxy;
			containerPortal = AA1CEC771FA9602E00050EFC /* Project object */;
			proxyType = 1;
			remoteGlobalIDString = AA1CEC7E1FA9602E00050EFC;
			remoteInfo = QQA;
		};
/* End PBXContainerItemProxy section */

/* Begin PBXFileReference section */
		2ECCA599687977AA5ACEDCC1 /* libPods-QQA.a */ = {isa = PBXFileReference; explicitFileType = archive.ar; includeInIndex = 0; path = "libPods-QQA.a"; sourceTree = BUILT_PRODUCTS_DIR; };
		5EB9B0173C989AA3F3E802A8 /* Pods-QQA.release.xcconfig */ = {isa = PBXFileReference; includeInIndex = 1; lastKnownFileType = text.xcconfig; name = "Pods-QQA.release.xcconfig"; path = "Pods/Target Support Files/Pods-QQA/Pods-QQA.release.xcconfig"; sourceTree = "<group>"; };
		AA1CEC7F1FA9602E00050EFC /* QQA.app */ = {isa = PBXFileReference; explicitFileType = wrapper.application; includeInIndex = 0; path = QQA.app; sourceTree = BUILT_PRODUCTS_DIR; };
		AA1CEC821FA9602E00050EFC /* AppDelegate.h */ = {isa = PBXFileReference; lastKnownFileType = sourcecode.c.h; path = AppDelegate.h; sourceTree = "<group>"; };
		AA1CEC831FA9602E00050EFC /* AppDelegate.m */ = {isa = PBXFileReference; lastKnownFileType = sourcecode.c.objc; path = AppDelegate.m; sourceTree = "<group>"; };
		AA1CEC851FA9602E00050EFC /* Assets.xcassets */ = {isa = PBXFileReference; lastKnownFileType = folder.assetcatalog; path = Assets.xcassets; sourceTree = "<group>"; };
		AA1CEC881FA9602E00050EFC /* Base */ = {isa = PBXFileReference; lastKnownFileType = file.storyboard; name = Base; path = Base.lproj/LaunchScreen.storyboard; sourceTree = "<group>"; };
		AA1CEC8A1FA9602E00050EFC /* Info.plist */ = {isa = PBXFileReference; lastKnownFileType = text.plist.xml; path = Info.plist; sourceTree = "<group>"; };
		AA1CEC8B1FA9602E00050EFC /* main.m */ = {isa = PBXFileReference; lastKnownFileType = sourcecode.c.objc; path = main.m; sourceTree = "<group>"; };
		AA1CEC911FA9602E00050EFC /* QQATests.xctest */ = {isa = PBXFileReference; explicitFileType = wrapper.cfbundle; includeInIndex = 0; path = QQATests.xctest; sourceTree = BUILT_PRODUCTS_DIR; };
		AA1CEC951FA9602E00050EFC /* QQATests.m */ = {isa = PBXFileReference; lastKnownFileType = sourcecode.c.objc; path = QQATests.m; sourceTree = "<group>"; };
		AA1CEC971FA9602E00050EFC /* Info.plist */ = {isa = PBXFileReference; lastKnownFileType = text.plist.xml; path = Info.plist; sourceTree = "<group>"; };
		AA1CEC9C1FA9602E00050EFC /* QQAUITests.xctest */ = {isa = PBXFileReference; explicitFileType = wrapper.cfbundle; includeInIndex = 0; path = QQAUITests.xctest; sourceTree = BUILT_PRODUCTS_DIR; };
		AA1CECA01FA9602E00050EFC /* QQAUITests.m */ = {isa = PBXFileReference; lastKnownFileType = sourcecode.c.objc; path = QQAUITests.m; sourceTree = "<group>"; };
		AA1CECA21FA9602E00050EFC /* Info.plist */ = {isa = PBXFileReference; lastKnownFileType = text.plist.xml; path = Info.plist; sourceTree = "<group>"; };
		AA1CECAF1FA9607900050EFC /* MeViewController.h */ = {isa = PBXFileReference; lastKnownFileType = sourcecode.c.h; path = MeViewController.h; sourceTree = "<group>"; };
		AA1CECB01FA9607900050EFC /* MeViewController.m */ = {isa = PBXFileReference; lastKnownFileType = sourcecode.c.objc; path = MeViewController.m; sourceTree = "<group>"; };
		AA1CECB41FA960EF00050EFC /* account.png */ = {isa = PBXFileReference; lastKnownFileType = image.png; path = account.png; sourceTree = "<group>"; };
		AA1CECB51FA960EF00050EFC /* me_normal.png */ = {isa = PBXFileReference; lastKnownFileType = image.png; path = me_normal.png; sourceTree = "<group>"; };
		AA1CECB61FA96C1600050EFC /* colection.png */ = {isa = PBXFileReference; lastKnownFileType = image.png; path = colection.png; sourceTree = "<group>"; };
		AA1CECB71FA96C1600050EFC /* oversea_h.png */ = {isa = PBXFileReference; lastKnownFileType = image.png; path = oversea_h.png; sourceTree = "<group>"; };
		AA1CECB81FA96C1600050EFC /* styles_h.png */ = {isa = PBXFileReference; lastKnownFileType = image.png; path = styles_h.png; sourceTree = "<group>"; };
		AA1CECB91FA96C1600050EFC /* colection_l.png */ = {isa = PBXFileReference; lastKnownFileType = image.png; path = colection_l.png; sourceTree = "<group>"; };
		AA1CECBA1FA96C1600050EFC /* oversea.png */ = {isa = PBXFileReference; lastKnownFileType = image.png; path = oversea.png; sourceTree = "<group>"; };
		AA1CECBB1FA96C1600050EFC /* styles.png */ = {isa = PBXFileReference; lastKnownFileType = image.png; path = styles.png; sourceTree = "<group>"; };
		AA1CECBC1FA96C1600050EFC /* first_h.png */ = {isa = PBXFileReference; lastKnownFileType = image.png; path = first_h.png; sourceTree = "<group>"; };
		AA1CECBD1FA96C1600050EFC /* oversea_n.png */ = {isa = PBXFileReference; lastKnownFileType = image.png; path = oversea_n.png; sourceTree = "<group>"; };
		AA1CECBE1FA96C1600050EFC /* first_ll.png */ = {isa = PBXFileReference; lastKnownFileType = image.png; path = first_ll.png; sourceTree = "<group>"; };
		AA2CED6E1FAAFF0800433BFA /* ScanImageViewController.m */ = {isa = PBXFileReference; lastKnownFileType = sourcecode.c.objc; path = ScanImageViewController.m; sourceTree = "<group>"; };
		AA2CED6F1FAAFF0900433BFA /* ScanImageViewController.h */ = {isa = PBXFileReference; lastKnownFileType = sourcecode.c.h; path = ScanImageViewController.h; sourceTree = "<group>"; };
		AAA169F81FA98E0F00F35475 /* AppTBViewController.h */ = {isa = PBXFileReference; lastKnownFileType = sourcecode.c.h; path = AppTBViewController.h; sourceTree = "<group>"; };
		AAA169F91FA98E0F00F35475 /* AppTBViewController.m */ = {isa = PBXFileReference; lastKnownFileType = sourcecode.c.objc; path = AppTBViewController.m; sourceTree = "<group>"; };
		AAB0F71D1FA992E200A9F684 /* locker.png */ = {isa = PBXFileReference; lastKnownFileType = image.png; path = locker.png; sourceTree = "<group>"; };
		AAB0F71E1FA992E200A9F684 /* notify.png */ = {isa = PBXFileReference; lastKnownFileType = image.png; path = notify.png; sourceTree = "<group>"; };
		AAB0F71F1FA992E200A9F684 /* scan_qrcode.png */ = {isa = PBXFileReference; lastKnownFileType = image.png; path = scan_qrcode.png; sourceTree = "<group>"; };
		AAB0F7201FA992E200A9F684 /* account.png */ = {isa = PBXFileReference; lastKnownFileType = image.png; name = account.png; path = ../../../../../sections/youth_infos/account.png; sourceTree = "<group>"; };
		AAB0F7211FA992E200A9F684 /* checkmark_green.png */ = {isa = PBXFileReference; lastKnownFileType = image.png; path = checkmark_green.png; sourceTree = "<group>"; };
		AAB0F7221FA992E200A9F684 /* checkmark.png */ = {isa = PBXFileReference; lastKnownFileType = image.png; path = checkmark.png; sourceTree = "<group>"; };
		AAB0F7231FA992E200A9F684 /* hongjinbao.jpg */ = {isa = PBXFileReference; lastKnownFileType = image.jpeg; path = hongjinbao.jpg; sourceTree = "<group>"; };
		AAB0F7241FA992E300A9F684 /* text_input_box.png */ = {isa = PBXFileReference; lastKnownFileType = image.png; path = text_input_box.png; sourceTree = "<group>"; };
		AAB0F7251FA992E300A9F684 /* home_normal.png */ = {isa = PBXFileReference; lastKnownFileType = image.png; path = home_normal.png; sourceTree = "<group>"; };
		AAB0F7261FA992E300A9F684 /* red_button.png */ = {isa = PBXFileReference; lastKnownFileType = image.png; path = red_button.png; sourceTree = "<group>"; };
		AAB0F7271FA992E300A9F684 /* app_face_title.png */ = {isa = PBXFileReference; lastKnownFileType = image.png; path = app_face_title.png; sourceTree = "<group>"; };
		AAB0F7281FA992E300A9F684 /* unlocker.png */ = {isa = PBXFileReference; lastKnownFileType = image.png; path = unlocker.png; sourceTree = "<group>"; };
		AAB0F7291FA992E300A9F684 /* key.png */ = {isa = PBXFileReference; lastKnownFileType = image.png; path = key.png; sourceTree = "<group>"; };
		AAB0F72A1FA992E300A9F684 /* me_normal.png */ = {isa = PBXFileReference; lastKnownFileType = image.png; name = me_normal.png; path = ../../../../../sections/youth_infos/me_normal.png; sourceTree = "<group>"; };
		AAB0F72B1FA992E300A9F684 /* search.png */ = {isa = PBXFileReference; lastKnownFileType = image.png; path = search.png; sourceTree = "<group>"; };
		AAB0F72C1FA992E300A9F684 /* youth_info.png */ = {isa = PBXFileReference; lastKnownFileType = image.png; path = youth_info.png; sourceTree = "<group>"; };
		AAB0F72D1FA992E300A9F684 /* clockin_normal.png */ = {isa = PBXFileReference; lastKnownFileType = image.png; path = clockin_normal.png; sourceTree = "<group>"; };
		AAB0F72E1FA992E400A9F684 /* qrcode.png */ = {isa = PBXFileReference; lastKnownFileType = image.png; path = qrcode.png; sourceTree = "<group>"; };
		AAB0F72F1FA992E400A9F684 /* everyday_1.png */ = {isa = PBXFileReference; lastKnownFileType = image.png; path = everyday_1.png; sourceTree = "<group>"; };
		AAB0F7301FA992E400A9F684 /* rules.png */ = {isa = PBXFileReference; lastKnownFileType = image.png; path = rules.png; sourceTree = "<group>"; };
		AAB0F7311FA992E400A9F684 /* cloud_storge.png */ = {isa = PBXFileReference; lastKnownFileType = image.png; path = cloud_storge.png; sourceTree = "<group>"; };
		AAB0F7321FA992E400A9F684 /* cycle_button_shape.xml */ = {isa = PBXFileReference; lastKnownFileType = text.xml; path = cycle_button_shape.xml; sourceTree = "<group>"; };
		AAB0F7331FA992E400A9F684 /* app_face_logo.png */ = {isa = PBXFileReference; lastKnownFileType = image.png; path = app_face_logo.png; sourceTree = "<group>"; };
		AAB0F7341FA992E400A9F684 /* about.png */ = {isa = PBXFileReference; lastKnownFileType = image.png; path = about.png; sourceTree = "<group>"; };
		AAB0F7351FA992E400A9F684 /* app_face.png */ = {isa = PBXFileReference; lastKnownFileType = image.png; path = app_face.png; sourceTree = "<group>"; };
		AAB0F7361FA992E500A9F684 /* close.png */ = {isa = PBXFileReference; lastKnownFileType = image.png; path = close.png; sourceTree = "<group>"; };
		AAB0F7371FA992E500A9F684 /* contact.png */ = {isa = PBXFileReference; lastKnownFileType = image.png; path = contact.png; sourceTree = "<group>"; };
		AAB0F7381FA992E500A9F684 /* forward.png */ = {isa = PBXFileReference; lastKnownFileType = image.png; path = forward.png; sourceTree = "<group>"; };
		AAB0F7391FA992E500A9F684 /* info.png */ = {isa = PBXFileReference; lastKnownFileType = image.png; path = info.png; sourceTree = "<group>"; };
		AAB0F73A1FA9945E00A9F684 /* PunchClockViewController.h */ = {isa = PBXFileReference; lastKnownFileType = sourcecode.c.h; path = PunchClockViewController.h; sourceTree = "<group>"; };
		AAB0F73B1FA9945E00A9F684 /* PunchClockViewController.m */ = {isa = PBXFileReference; lastKnownFileType = sourcecode.c.objc; path = PunchClockViewController.m; sourceTree = "<group>"; };
		AAC4D1F61FAAA11900183930 /* AppCoverViewController.h */ = {isa = PBXFileReference; lastKnownFileType = sourcecode.c.h; path = AppCoverViewController.h; sourceTree = "<group>"; };
		AAC4D1F71FAAA11900183930 /* AppCoverViewController.m */ = {isa = PBXFileReference; lastKnownFileType = sourcecode.c.objc; path = AppCoverViewController.m; sourceTree = "<group>"; };
		CE70EE0C5B008995EA81DF25 /* Pods-QQA.debug.xcconfig */ = {isa = PBXFileReference; includeInIndex = 1; lastKnownFileType = text.xcconfig; name = "Pods-QQA.debug.xcconfig"; path = "Pods/Target Support Files/Pods-QQA/Pods-QQA.debug.xcconfig"; sourceTree = "<group>"; };
/* End PBXFileReference section */

/* Begin PBXFrameworksBuildPhase section */
		AA1CEC7C1FA9602E00050EFC /* Frameworks */ = {
			isa = PBXFrameworksBuildPhase;
			buildActionMask = 2147483647;
			files = (
				466E2A145386609065AEE56E /* libPods-QQA.a in Frameworks */,
			);
			runOnlyForDeploymentPostprocessing = 0;
		};
		AA1CEC8E1FA9602E00050EFC /* Frameworks */ = {
			isa = PBXFrameworksBuildPhase;
			buildActionMask = 2147483647;
			files = (
			);
			runOnlyForDeploymentPostprocessing = 0;
		};
		AA1CEC991FA9602E00050EFC /* Frameworks */ = {
			isa = PBXFrameworksBuildPhase;
			buildActionMask = 2147483647;
			files = (
			);
			runOnlyForDeploymentPostprocessing = 0;
		};
/* End PBXFrameworksBuildPhase section */

/* Begin PBXGroup section */
		0070CD80F4E18048FC58D7C6 /* Pods */ = {
			isa = PBXGroup;
			children = (
				CE70EE0C5B008995EA81DF25 /* Pods-QQA.debug.xcconfig */,
				5EB9B0173C989AA3F3E802A8 /* Pods-QQA.release.xcconfig */,
			);
			name = Pods;
			sourceTree = "<group>";
		};
		200EDB938BA67950C84FAE9A /* Frameworks */ = {
			isa = PBXGroup;
			children = (
				2ECCA599687977AA5ACEDCC1 /* libPods-QQA.a */,
			);
			name = Frameworks;
			sourceTree = "<group>";
		};
		AA1CEC761FA9602E00050EFC = {
			isa = PBXGroup;
			children = (
				AA1CEC811FA9602E00050EFC /* QQA */,
				AA1CEC941FA9602E00050EFC /* QQATests */,
				AA1CEC9F1FA9602E00050EFC /* QQAUITests */,
				AA1CEC801FA9602E00050EFC /* Products */,
				0070CD80F4E18048FC58D7C6 /* Pods */,
				200EDB938BA67950C84FAE9A /* Frameworks */,
			);
			sourceTree = "<group>";
		};
		AA1CEC801FA9602E00050EFC /* Products */ = {
			isa = PBXGroup;
			children = (
				AA1CEC7F1FA9602E00050EFC /* QQA.app */,
				AA1CEC911FA9602E00050EFC /* QQATests.xctest */,
				AA1CEC9C1FA9602E00050EFC /* QQAUITests.xctest */,
			);
			name = Products;
			sourceTree = "<group>";
		};
		AA1CEC811FA9602E00050EFC /* QQA */ = {
			isa = PBXGroup;
			children = (
				AA1CEC821FA9602E00050EFC /* AppDelegate.h */,
				AA1CEC831FA9602E00050EFC /* AppDelegate.m */,
				AA2CED6F1FAAFF0900433BFA /* ScanImageViewController.h */,
				AA2CED6E1FAAFF0800433BFA /* ScanImageViewController.m */,
				AA1CECAE1FA9606500050EFC /* sections */,
				AA1CECB21FA960D800050EFC /* resource */,
				AA1CEC851FA9602E00050EFC /* Assets.xcassets */,
				AA1CEC871FA9602E00050EFC /* LaunchScreen.storyboard */,
				AA1CEC8A1FA9602E00050EFC /* Info.plist */,
				AA1CEC8B1FA9602E00050EFC /* main.m */,
			);
			path = QQA;
			sourceTree = "<group>";
		};
		AA1CEC941FA9602E00050EFC /* QQATests */ = {
			isa = PBXGroup;
			children = (
				AA1CEC951FA9602E00050EFC /* QQATests.m */,
				AA1CEC971FA9602E00050EFC /* Info.plist */,
			);
			path = QQATests;
			sourceTree = "<group>";
		};
		AA1CEC9F1FA9602E00050EFC /* QQAUITests */ = {
			isa = PBXGroup;
			children = (
				AA1CECA01FA9602E00050EFC /* QQAUITests.m */,
				AA1CECA21FA9602E00050EFC /* Info.plist */,
			);
			path = QQAUITests;
			sourceTree = "<group>";
		};
		AA1CECAE1FA9606500050EFC /* sections */ = {
			isa = PBXGroup;
			children = (
				AAA169F81FA98E0F00F35475 /* AppTBViewController.h */,
				AAA169F91FA98E0F00F35475 /* AppTBViewController.m */,
				AAC4D1F91FAAAC8700183930 /* Cover */,
				AAA169F61FA98C9200F35475 /* Company */,
				AAA169F41FA98C8B00F35475 /* ExaminationApproval */,
				AAA169F51FA98C8F00F35475 /* PunchClock */,
				AAA169F71FA98C9600F35475 /* Me */,
			);
			path = sections;
			sourceTree = "<group>";
		};
		AA1CECB21FA960D800050EFC /* resource */ = {
			isa = PBXGroup;
			children = (
				AA1CECB31FA960EF00050EFC /* youth_info */,
			);
			path = resource;
			sourceTree = "<group>";
		};
		AA1CECB31FA960EF00050EFC /* youth_info */ = {
			isa = PBXGroup;
			children = (
				AAB0F7341FA992E400A9F684 /* about.png */,
				AAB0F7201FA992E200A9F684 /* account.png */,
				AAB0F7331FA992E400A9F684 /* app_face_logo.png */,
				AAB0F7271FA992E300A9F684 /* app_face_title.png */,
				AAB0F7221FA992E200A9F684 /* checkmark.png */,
				AAB0F72D1FA992E300A9F684 /* clockin_normal.png */,
				AAB0F7361FA992E500A9F684 /* close.png */,
				AAB0F7311FA992E400A9F684 /* cloud_storge.png */,
				AAB0F7371FA992E500A9F684 /* contact.png */,
				AAB0F7321FA992E400A9F684 /* cycle_button_shape.xml */,
				AAB0F72F1FA992E400A9F684 /* everyday_1.png */,
				AAB0F7381FA992E500A9F684 /* forward.png */,
				AAB0F7251FA992E300A9F684 /* home_normal.png */,
				AAB0F7231FA992E200A9F684 /* hongjinbao.jpg */,
				AAB0F7391FA992E500A9F684 /* info.png */,
				AAB0F7291FA992E300A9F684 /* key.png */,
				AAB0F71D1FA992E200A9F684 /* locker.png */,
				AAB0F72A1FA992E300A9F684 /* me_normal.png */,
				AAB0F71E1FA992E200A9F684 /* notify.png */,
				AAB0F72E1FA992E400A9F684 /* qrcode.png */,
				AAB0F7261FA992E300A9F684 /* red_button.png */,
				AAB0F7301FA992E400A9F684 /* rules.png */,
				AAB0F7211FA992E200A9F684 /* checkmark_green.png */,
				AAB0F71F1FA992E200A9F684 /* scan_qrcode.png */,
				AAB0F7351FA992E400A9F684 /* app_face.png */,
				AAB0F72B1FA992E300A9F684 /* search.png */,
				AAB0F7241FA992E300A9F684 /* text_input_box.png */,
				AAB0F7281FA992E300A9F684 /* unlocker.png */,
				AAB0F72C1FA992E300A9F684 /* youth_info.png */,
				AA1CECB91FA96C1600050EFC /* colection_l.png */,
				AA1CECB61FA96C1600050EFC /* colection.png */,
				AA1CECBC1FA96C1600050EFC /* first_h.png */,
				AA1CECBE1FA96C1600050EFC /* first_ll.png */,
				AA1CECB71FA96C1600050EFC /* oversea_h.png */,
				AA1CECBD1FA96C1600050EFC /* oversea_n.png */,
				AA1CECBA1FA96C1600050EFC /* oversea.png */,
				AA1CECB81FA96C1600050EFC /* styles_h.png */,
				AA1CECBB1FA96C1600050EFC /* styles.png */,
				AA1CECB41FA960EF00050EFC /* account.png */,
				AA1CECB51FA960EF00050EFC /* me_normal.png */,
			);
			path = youth_info;
			sourceTree = "<group>";
		};
		AAA169F41FA98C8B00F35475 /* ExaminationApproval */ = {
			isa = PBXGroup;
			children = (
			);
			path = ExaminationApproval;
			sourceTree = "<group>";
		};
		AAA169F51FA98C8F00F35475 /* PunchClock */ = {
			isa = PBXGroup;
			children = (
				AAB0F73A1FA9945E00A9F684 /* PunchClockViewController.h */,
				AAB0F73B1FA9945E00A9F684 /* PunchClockViewController.m */,
			);
			path = PunchClock;
			sourceTree = "<group>";
		};
		AAA169F61FA98C9200F35475 /* Company */ = {
			isa = PBXGroup;
			children = (
			);
			path = Company;
			sourceTree = "<group>";
		};
		AAA169F71FA98C9600F35475 /* Me */ = {
			isa = PBXGroup;
			children = (
				AA1CECAF1FA9607900050EFC /* MeViewController.h */,
				AA1CECB01FA9607900050EFC /* MeViewController.m */,
			);
			name = Me;
			path = "New Group5";
			sourceTree = "<group>";
		};
		AAC4D1F91FAAAC8700183930 /* Cover */ = {
			isa = PBXGroup;
			children = (
				AAC4D1F61FAAA11900183930 /* AppCoverViewController.h */,
				AAC4D1F71FAAA11900183930 /* AppCoverViewController.m */,
			);
			path = Cover;
			sourceTree = "<group>";
		};
/* End PBXGroup section */

/* Begin PBXNativeTarget section */
		AA1CEC7E1FA9602E00050EFC /* QQA */ = {
			isa = PBXNativeTarget;
			buildConfigurationList = AA1CECA51FA9602E00050EFC /* Build configuration list for PBXNativeTarget "QQA" */;
			buildPhases = (
				5658D15D4051E2CF76A92525 /* [CP] Check Pods Manifest.lock */,
				AA1CEC7B1FA9602E00050EFC /* Sources */,
				AA1CEC7C1FA9602E00050EFC /* Frameworks */,
				AA1CEC7D1FA9602E00050EFC /* Resources */,
				493A8CE50D2FEF38AC4F9B8B /* [CP] Embed Pods Frameworks */,
				F4691730B17E0D8E024790B5 /* [CP] Copy Pods Resources */,
			);
			buildRules = (
			);
			dependencies = (
			);
			name = QQA;
			productName = QQA;
			productReference = AA1CEC7F1FA9602E00050EFC /* QQA.app */;
			productType = "com.apple.product-type.application";
		};
		AA1CEC901FA9602E00050EFC /* QQATests */ = {
			isa = PBXNativeTarget;
			buildConfigurationList = AA1CECA81FA9602E00050EFC /* Build configuration list for PBXNativeTarget "QQATests" */;
			buildPhases = (
				AA1CEC8D1FA9602E00050EFC /* Sources */,
				AA1CEC8E1FA9602E00050EFC /* Frameworks */,
				AA1CEC8F1FA9602E00050EFC /* Resources */,
			);
			buildRules = (
			);
			dependencies = (
				AA1CEC931FA9602E00050EFC /* PBXTargetDependency */,
			);
			name = QQATests;
			productName = QQATests;
			productReference = AA1CEC911FA9602E00050EFC /* QQATests.xctest */;
			productType = "com.apple.product-type.bundle.unit-test";
		};
		AA1CEC9B1FA9602E00050EFC /* QQAUITests */ = {
			isa = PBXNativeTarget;
			buildConfigurationList = AA1CECAB1FA9602E00050EFC /* Build configuration list for PBXNativeTarget "QQAUITests" */;
			buildPhases = (
				AA1CEC981FA9602E00050EFC /* Sources */,
				AA1CEC991FA9602E00050EFC /* Frameworks */,
				AA1CEC9A1FA9602E00050EFC /* Resources */,
			);
			buildRules = (
			);
			dependencies = (
				AA1CEC9E1FA9602E00050EFC /* PBXTargetDependency */,
			);
			name = QQAUITests;
			productName = QQAUITests;
			productReference = AA1CEC9C1FA9602E00050EFC /* QQAUITests.xctest */;
			productType = "com.apple.product-type.bundle.ui-testing";
		};
/* End PBXNativeTarget section */

/* Begin PBXProject section */
		AA1CEC771FA9602E00050EFC /* Project object */ = {
			isa = PBXProject;
			attributes = {
				LastUpgradeCheck = 0900;
				ORGANIZATIONNAME = youth_huiming;
				TargetAttributes = {
					AA1CEC7E1FA9602E00050EFC = {
						CreatedOnToolsVersion = 9.0;
						ProvisioningStyle = Automatic;
					};
					AA1CEC901FA9602E00050EFC = {
						CreatedOnToolsVersion = 9.0;
						ProvisioningStyle = Automatic;
						TestTargetID = AA1CEC7E1FA9602E00050EFC;
					};
					AA1CEC9B1FA9602E00050EFC = {
						CreatedOnToolsVersion = 9.0;
						ProvisioningStyle = Automatic;
						TestTargetID = AA1CEC7E1FA9602E00050EFC;
					};
				};
			};
			buildConfigurationList = AA1CEC7A1FA9602E00050EFC /* Build configuration list for PBXProject "QQA" */;
			compatibilityVersion = "Xcode 8.0";
			developmentRegion = en;
			hasScannedForEncodings = 0;
			knownRegions = (
				en,
				Base,
			);
			mainGroup = AA1CEC761FA9602E00050EFC;
			productRefGroup = AA1CEC801FA9602E00050EFC /* Products */;
			projectDirPath = "";
			projectRoot = "";
			targets = (
				AA1CEC7E1FA9602E00050EFC /* QQA */,
				AA1CEC901FA9602E00050EFC /* QQATests */,
				AA1CEC9B1FA9602E00050EFC /* QQAUITests */,
			);
		};
/* End PBXProject section */

/* Begin PBXResourcesBuildPhase section */
		AA1CEC7D1FA9602E00050EFC /* Resources */ = {
			isa = PBXResourcesBuildPhase;
			buildActionMask = 2147483647;
			files = (
				AA1CEC861FA9602E00050EFC /* Assets.xcassets in Resources */,
				AA1CEC891FA9602E00050EFC /* LaunchScreen.storyboard in Resources */,
			);
			runOnlyForDeploymentPostprocessing = 0;
		};
		AA1CEC8F1FA9602E00050EFC /* Resources */ = {
			isa = PBXResourcesBuildPhase;
			buildActionMask = 2147483647;
			files = (
			);
			runOnlyForDeploymentPostprocessing = 0;
		};
		AA1CEC9A1FA9602E00050EFC /* Resources */ = {
			isa = PBXResourcesBuildPhase;
			buildActionMask = 2147483647;
			files = (
			);
			runOnlyForDeploymentPostprocessing = 0;
		};
/* End PBXResourcesBuildPhase section */

/* Begin PBXShellScriptBuildPhase section */
		493A8CE50D2FEF38AC4F9B8B /* [CP] Embed Pods Frameworks */ = {
			isa = PBXShellScriptBuildPhase;
			buildActionMask = 2147483647;
			files = (
			);
			inputPaths = (
			);
			name = "[CP] Embed Pods Frameworks";
			outputPaths = (
			);
			runOnlyForDeploymentPostprocessing = 0;
			shellPath = /bin/sh;
			shellScript = "\"${SRCROOT}/Pods/Target Support Files/Pods-QQA/Pods-QQA-frameworks.sh\"\n";
			showEnvVarsInLog = 0;
		};
		5658D15D4051E2CF76A92525 /* [CP] Check Pods Manifest.lock */ = {
			isa = PBXShellScriptBuildPhase;
			buildActionMask = 2147483647;
			files = (
			);
			inputPaths = (
				"${PODS_PODFILE_DIR_PATH}/Podfile.lock",
				"${PODS_ROOT}/Manifest.lock",
			);
			name = "[CP] Check Pods Manifest.lock";
			outputPaths = (
				"$(DERIVED_FILE_DIR)/Pods-QQA-checkManifestLockResult.txt",
			);
			runOnlyForDeploymentPostprocessing = 0;
			shellPath = /bin/sh;
			shellScript = "diff \"${PODS_PODFILE_DIR_PATH}/Podfile.lock\" \"${PODS_ROOT}/Manifest.lock\" > /dev/null\nif [ $? != 0 ] ; then\n    # print error to STDERR\n    echo \"error: The sandbox is not in sync with the Podfile.lock. Run 'pod install' or update your CocoaPods installation.\" >&2\n    exit 1\nfi\n# This output is used by Xcode 'outputs' to avoid re-running this script phase.\necho \"SUCCESS\" > \"${SCRIPT_OUTPUT_FILE_0}\"\n";
			showEnvVarsInLog = 0;
		};
		F4691730B17E0D8E024790B5 /* [CP] Copy Pods Resources */ = {
			isa = PBXShellScriptBuildPhase;
			buildActionMask = 2147483647;
			files = (
			);
			inputPaths = (
			);
			name = "[CP] Copy Pods Resources";
			outputPaths = (
			);
			runOnlyForDeploymentPostprocessing = 0;
			shellPath = /bin/sh;
			shellScript = "\"${SRCROOT}/Pods/Target Support Files/Pods-QQA/Pods-QQA-resources.sh\"\n";
			showEnvVarsInLog = 0;
		};
/* End PBXShellScriptBuildPhase section */

/* Begin PBXSourcesBuildPhase section */
		AA1CEC7B1FA9602E00050EFC /* Sources */ = {
			isa = PBXSourcesBuildPhase;
			buildActionMask = 2147483647;
			files = (
				AAC4D1F81FAAA11900183930 /* AppCoverViewController.m in Sources */,
				AA1CECB11FA9607900050EFC /* MeViewController.m in Sources */,
				AA2CED701FAAFF0900433BFA /* ScanImageViewController.m in Sources */,
				AA1CEC8C1FA9602E00050EFC /* main.m in Sources */,
				AAA169FA1FA98E0F00F35475 /* AppTBViewController.m in Sources */,
				AAB0F73C1FA9945E00A9F684 /* PunchClockViewController.m in Sources */,
				AA1CEC841FA9602E00050EFC /* AppDelegate.m in Sources */,
			);
			runOnlyForDeploymentPostprocessing = 0;
		};
		AA1CEC8D1FA9602E00050EFC /* Sources */ = {
			isa = PBXSourcesBuildPhase;
			buildActionMask = 2147483647;
			files = (
				AA1CEC961FA9602E00050EFC /* QQATests.m in Sources */,
			);
			runOnlyForDeploymentPostprocessing = 0;
		};
		AA1CEC981FA9602E00050EFC /* Sources */ = {
			isa = PBXSourcesBuildPhase;
			buildActionMask = 2147483647;
			files = (
				AA1CECA11FA9602E00050EFC /* QQAUITests.m in Sources */,
			);
			runOnlyForDeploymentPostprocessing = 0;
		};
/* End PBXSourcesBuildPhase section */

/* Begin PBXTargetDependency section */
		AA1CEC931FA9602E00050EFC /* PBXTargetDependency */ = {
			isa = PBXTargetDependency;
			target = AA1CEC7E1FA9602E00050EFC /* QQA */;
			targetProxy = AA1CEC921FA9602E00050EFC /* PBXContainerItemProxy */;
		};
		AA1CEC9E1FA9602E00050EFC /* PBXTargetDependency */ = {
			isa = PBXTargetDependency;
			target = AA1CEC7E1FA9602E00050EFC /* QQA */;
			targetProxy = AA1CEC9D1FA9602E00050EFC /* PBXContainerItemProxy */;
		};
/* End PBXTargetDependency section */

/* Begin PBXVariantGroup section */
		AA1CEC871FA9602E00050EFC /* LaunchScreen.storyboard */ = {
			isa = PBXVariantGroup;
			children = (
				AA1CEC881FA9602E00050EFC /* Base */,
			);
			name = LaunchScreen.storyboard;
			sourceTree = "<group>";
		};
/* End PBXVariantGroup section */

/* Begin XCBuildConfiguration section */
		AA1CECA31FA9602E00050EFC /* Debug */ = {
			isa = XCBuildConfiguration;
			buildSettings = {
				ALWAYS_SEARCH_USER_PATHS = NO;
				CLANG_ANALYZER_NONNULL = YES;
				CLANG_ANALYZER_NUMBER_OBJECT_CONVERSION = YES_AGGRESSIVE;
				CLANG_CXX_LANGUAGE_STANDARD = "gnu++14";
				CLANG_CXX_LIBRARY = "libc++";
				CLANG_ENABLE_MODULES = YES;
				CLANG_ENABLE_OBJC_ARC = YES;
				CLANG_WARN_BLOCK_CAPTURE_AUTORELEASING = YES;
				CLANG_WARN_BOOL_CONVERSION = YES;
				CLANG_WARN_COMMA = YES;
				CLANG_WARN_CONSTANT_CONVERSION = YES;
				CLANG_WARN_DIRECT_OBJC_ISA_USAGE = YES_ERROR;
				CLANG_WARN_DOCUMENTATION_COMMENTS = YES;
				CLANG_WARN_EMPTY_BODY = YES;
				CLANG_WARN_ENUM_CONVERSION = YES;
				CLANG_WARN_INFINITE_RECURSION = YES;
				CLANG_WARN_INT_CONVERSION = YES;
				CLANG_WARN_NON_LITERAL_NULL_CONVERSION = YES;
				CLANG_WARN_OBJC_LITERAL_CONVERSION = YES;
				CLANG_WARN_OBJC_ROOT_CLASS = YES_ERROR;
				CLANG_WARN_RANGE_LOOP_ANALYSIS = YES;
				CLANG_WARN_STRICT_PROTOTYPES = YES;
				CLANG_WARN_SUSPICIOUS_MOVE = YES;
				CLANG_WARN_UNGUARDED_AVAILABILITY = YES_AGGRESSIVE;
				CLANG_WARN_UNREACHABLE_CODE = YES;
				CLANG_WARN__DUPLICATE_METHOD_MATCH = YES;
				CODE_SIGN_IDENTITY = "iPhone Developer";
				COPY_PHASE_STRIP = NO;
				DEBUG_INFORMATION_FORMAT = dwarf;
				ENABLE_STRICT_OBJC_MSGSEND = YES;
				ENABLE_TESTABILITY = YES;
				GCC_C_LANGUAGE_STANDARD = gnu11;
				GCC_DYNAMIC_NO_PIC = NO;
				GCC_NO_COMMON_BLOCKS = YES;
				GCC_OPTIMIZATION_LEVEL = 0;
				GCC_PREPROCESSOR_DEFINITIONS = (
					"DEBUG=1",
					"$(inherited)",
				);
				GCC_WARN_64_TO_32_BIT_CONVERSION = YES;
				GCC_WARN_ABOUT_RETURN_TYPE = YES_ERROR;
				GCC_WARN_UNDECLARED_SELECTOR = YES;
				GCC_WARN_UNINITIALIZED_AUTOS = YES_AGGRESSIVE;
				GCC_WARN_UNUSED_FUNCTION = YES;
				GCC_WARN_UNUSED_VARIABLE = YES;
				IPHONEOS_DEPLOYMENT_TARGET = 11.0;
				MTL_ENABLE_DEBUG_INFO = YES;
				ONLY_ACTIVE_ARCH = YES;
				SDKROOT = iphoneos;
			};
			name = Debug;
		};
		AA1CECA41FA9602E00050EFC /* Release */ = {
			isa = XCBuildConfiguration;
			buildSettings = {
				ALWAYS_SEARCH_USER_PATHS = NO;
				CLANG_ANALYZER_NONNULL = YES;
				CLANG_ANALYZER_NUMBER_OBJECT_CONVERSION = YES_AGGRESSIVE;
				CLANG_CXX_LANGUAGE_STANDARD = "gnu++14";
				CLANG_CXX_LIBRARY = "libc++";
				CLANG_ENABLE_MODULES = YES;
				CLANG_ENABLE_OBJC_ARC = YES;
				CLANG_WARN_BLOCK_CAPTURE_AUTORELEASING = YES;
				CLANG_WARN_BOOL_CONVERSION = YES;
				CLANG_WARN_COMMA = YES;
				CLANG_WARN_CONSTANT_CONVERSION = YES;
				CLANG_WARN_DIRECT_OBJC_ISA_USAGE = YES_ERROR;
				CLANG_WARN_DOCUMENTATION_COMMENTS = YES;
				CLANG_WARN_EMPTY_BODY = YES;
				CLANG_WARN_ENUM_CONVERSION = YES;
				CLANG_WARN_INFINITE_RECURSION = YES;
				CLANG_WARN_INT_CONVERSION = YES;
				CLANG_WARN_NON_LITERAL_NULL_CONVERSION = YES;
				CLANG_WARN_OBJC_LITERAL_CONVERSION = YES;
				CLANG_WARN_OBJC_ROOT_CLASS = YES_ERROR;
				CLANG_WARN_RANGE_LOOP_ANALYSIS = YES;
				CLANG_WARN_STRICT_PROTOTYPES = YES;
				CLANG_WARN_SUSPICIOUS_MOVE = YES;
				CLANG_WARN_UNGUARDED_AVAILABILITY = YES_AGGRESSIVE;
				CLANG_WARN_UNREACHABLE_CODE = YES;
				CLANG_WARN__DUPLICATE_METHOD_MATCH = YES;
				CODE_SIGN_IDENTITY = "iPhone Developer";
				COPY_PHASE_STRIP = NO;
				DEBUG_INFORMATION_FORMAT = "dwarf-with-dsym";
				ENABLE_NS_ASSERTIONS = NO;
				ENABLE_STRICT_OBJC_MSGSEND = YES;
				GCC_C_LANGUAGE_STANDARD = gnu11;
				GCC_NO_COMMON_BLOCKS = YES;
				GCC_WARN_64_TO_32_BIT_CONVERSION = YES;
				GCC_WARN_ABOUT_RETURN_TYPE = YES_ERROR;
				GCC_WARN_UNDECLARED_SELECTOR = YES;
				GCC_WARN_UNINITIALIZED_AUTOS = YES_AGGRESSIVE;
				GCC_WARN_UNUSED_FUNCTION = YES;
				GCC_WARN_UNUSED_VARIABLE = YES;
				IPHONEOS_DEPLOYMENT_TARGET = 11.0;
				MTL_ENABLE_DEBUG_INFO = NO;
				SDKROOT = iphoneos;
				VALIDATE_PRODUCT = YES;
			};
			name = Release;
		};
		AA1CECA61FA9602E00050EFC /* Debug */ = {
			isa = XCBuildConfiguration;
			baseConfigurationReference = CE70EE0C5B008995EA81DF25 /* Pods-QQA.debug.xcconfig */;
			buildSettings = {
				ASSETCATALOG_COMPILER_APPICON_NAME = AppIcon;
				CODE_SIGN_STYLE = Automatic;
				DEVELOPMENT_TEAM = YH3256X757;
				INFOPLIST_FILE = QQA/Info.plist;
				LD_RUNPATH_SEARCH_PATHS = "$(inherited) @executable_path/Frameworks";
				PRODUCT_BUNDLE_IDENTIFIER = com.shown.howdyland;
				PRODUCT_NAME = "$(TARGET_NAME)";
				TARGETED_DEVICE_FAMILY = "1,2";
			};
			name = Debug;
		};
		AA1CECA71FA9602E00050EFC /* Release */ = {
			isa = XCBuildConfiguration;
			baseConfigurationReference = 5EB9B0173C989AA3F3E802A8 /* Pods-QQA.release.xcconfig */;
			buildSettings = {
				ASSETCATALOG_COMPILER_APPICON_NAME = AppIcon;
				CODE_SIGN_STYLE = Automatic;
				DEVELOPMENT_TEAM = YH3256X757;
				INFOPLIST_FILE = QQA/Info.plist;
				LD_RUNPATH_SEARCH_PATHS = "$(inherited) @executable_path/Frameworks";
				PRODUCT_BUNDLE_IDENTIFIER = com.shown.howdyland;
				PRODUCT_NAME = "$(TARGET_NAME)";
				TARGETED_DEVICE_FAMILY = "1,2";
			};
			name = Release;
		};
		AA1CECA91FA9602E00050EFC /* Debug */ = {
			isa = XCBuildConfiguration;
			buildSettings = {
				BUNDLE_LOADER = "$(TEST_HOST)";
				CODE_SIGN_STYLE = Automatic;
				DEVELOPMENT_TEAM = YH3256X757;
				INFOPLIST_FILE = QQATests/Info.plist;
				LD_RUNPATH_SEARCH_PATHS = "$(inherited) @executable_path/Frameworks @loader_path/Frameworks";
				PRODUCT_BUNDLE_IDENTIFIER = CHAOS.QQATests;
				PRODUCT_NAME = "$(TARGET_NAME)";
				TARGETED_DEVICE_FAMILY = "1,2";
				TEST_HOST = "$(BUILT_PRODUCTS_DIR)/QQA.app/QQA";
			};
			name = Debug;
		};
		AA1CECAA1FA9602E00050EFC /* Release */ = {
			isa = XCBuildConfiguration;
			buildSettings = {
				BUNDLE_LOADER = "$(TEST_HOST)";
				CODE_SIGN_STYLE = Automatic;
				DEVELOPMENT_TEAM = YH3256X757;
				INFOPLIST_FILE = QQATests/Info.plist;
				LD_RUNPATH_SEARCH_PATHS = "$(inherited) @executable_path/Frameworks @loader_path/Frameworks";
				PRODUCT_BUNDLE_IDENTIFIER = CHAOS.QQATests;
				PRODUCT_NAME = "$(TARGET_NAME)";
				TARGETED_DEVICE_FAMILY = "1,2";
				TEST_HOST = "$(BUILT_PRODUCTS_DIR)/QQA.app/QQA";
			};
			name = Release;
		};
		AA1CECAC1FA9602E00050EFC /* Debug */ = {
			isa = XCBuildConfiguration;
			buildSettings = {
				CODE_SIGN_STYLE = Automatic;
				DEVELOPMENT_TEAM = YH3256X757;
				INFOPLIST_FILE = QQAUITests/Info.plist;
				LD_RUNPATH_SEARCH_PATHS = "$(inherited) @executable_path/Frameworks @loader_path/Frameworks";
				PRODUCT_BUNDLE_IDENTIFIER = CHAOS.QQAUITests;
				PRODUCT_NAME = "$(TARGET_NAME)";
				TARGETED_DEVICE_FAMILY = "1,2";
				TEST_TARGET_NAME = QQA;
			};
			name = Debug;
		};
		AA1CECAD1FA9602E00050EFC /* Release */ = {
			isa = XCBuildConfiguration;
			buildSettings = {
				CODE_SIGN_STYLE = Automatic;
				DEVELOPMENT_TEAM = YH3256X757;
				INFOPLIST_FILE = QQAUITests/Info.plist;
				LD_RUNPATH_SEARCH_PATHS = "$(inherited) @executable_path/Frameworks @loader_path/Frameworks";
				PRODUCT_BUNDLE_IDENTIFIER = CHAOS.QQAUITests;
				PRODUCT_NAME = "$(TARGET_NAME)";
				TARGETED_DEVICE_FAMILY = "1,2";
				TEST_TARGET_NAME = QQA;
			};
			name = Release;
		};
/* End XCBuildConfiguration section */

/* Begin XCConfigurationList section */
		AA1CEC7A1FA9602E00050EFC /* Build configuration list for PBXProject "QQA" */ = {
			isa = XCConfigurationList;
			buildConfigurations = (
				AA1CECA31FA9602E00050EFC /* Debug */,
				AA1CECA41FA9602E00050EFC /* Release */,
			);
			defaultConfigurationIsVisible = 0;
			defaultConfigurationName = Release;
		};
		AA1CECA51FA9602E00050EFC /* Build configuration list for PBXNativeTarget "QQA" */ = {
			isa = XCConfigurationList;
			buildConfigurations = (
				AA1CECA61FA9602E00050EFC /* Debug */,
				AA1CECA71FA9602E00050EFC /* Release */,
			);
			defaultConfigurationIsVisible = 0;
			defaultConfigurationName = Release;
		};
		AA1CECA81FA9602E00050EFC /* Build configuration list for PBXNativeTarget "QQATests" */ = {
			isa = XCConfigurationList;
			buildConfigurations = (
				AA1CECA91FA9602E00050EFC /* Debug */,
				AA1CECAA1FA9602E00050EFC /* Release */,
			);
			defaultConfigurationIsVisible = 0;
			defaultConfigurationName = Release;
		};
		AA1CECAB1FA9602E00050EFC /* Build configuration list for PBXNativeTarget "QQAUITests" */ = {
			isa = XCConfigurationList;
			buildConfigurations = (
				AA1CECAC1FA9602E00050EFC /* Debug */,
				AA1CECAD1FA9602E00050EFC /* Release */,
			);
			defaultConfigurationIsVisible = 0;
			defaultConfigurationName = Release;
		};
/* End XCConfigurationList section */
	};
	rootObject = AA1CEC771FA9602E00050EFC /* Project object */;
}
